// !$*UTF8*$!
{
	archiveVersion = 1;
	classes = {
	};
	objectVersion = 46;
	objects = {

/* Begin PBXBuildFile section */
		5B1997A41AE56CAD00D1522C /* UIButton+Extensions.swift in Sources */ = {isa = PBXBuildFile; fileRef = 5B1997A31AE56CAD00D1522C /* UIButton+Extensions.swift */; };
		5B1997A61AE5717F00D1522C /* AlarmOptionDelegateDataSource.swift in Sources */ = {isa = PBXBuildFile; fileRef = 5B1997A51AE5717F00D1522C /* AlarmOptionDelegateDataSource.swift */; };
		5B74FC8C1ADD74A100902484 /* AlarmOptionSettingsController.swift in Sources */ = {isa = PBXBuildFile; fileRef = 5B74FC8B1ADD74A100902484 /* AlarmOptionSettingsController.swift */; };
		8E3B22611AD9E85F001693E2 /* TimelineDataSource.swift in Sources */ = {isa = PBXBuildFile; fileRef = 8E3B22601AD9E85F001693E2 /* TimelineDataSource.swift */; };
		8E3BDC341AE4176300E1FCDC /* AlarmOption.swift in Sources */ = {isa = PBXBuildFile; fileRef = 8E3BDC331AE4176300E1FCDC /* AlarmOption.swift */; };
		8E3BDC361AE4176E00E1FCDC /* UIImage+Additions.swift in Sources */ = {isa = PBXBuildFile; fileRef = 8E3BDC351AE4176E00E1FCDC /* UIImage+Additions.swift */; };
		8E3BDC3B1AE430F400E1FCDC /* SnoozeOptionDelegateDataSource.swift in Sources */ = {isa = PBXBuildFile; fileRef = 8E3BDC3A1AE430F400E1FCDC /* SnoozeOptionDelegateDataSource.swift */; };
		8E4511F01ADCF00B00A3E8EC /* UIColor+Additions.swift in Sources */ = {isa = PBXBuildFile; fileRef = 8E4511EF1ADCF00B00A3E8EC /* UIColor+Additions.swift */; };
		8E5BD3271ADB930400C42FAA /* AlarmOptionButton.swift in Sources */ = {isa = PBXBuildFile; fileRef = 8E5BD3261ADB930400C42FAA /* AlarmOptionButton.swift */; };
		8E8228E21ADB679A00F9A26E /* UINavigationBar+Additions.swift in Sources */ = {isa = PBXBuildFile; fileRef = 8E8228E11ADB679A00F9A26E /* UINavigationBar+Additions.swift */; };
		8E8228E61ADB821C00F9A26E /* AlarmConfigurationController.swift in Sources */ = {isa = PBXBuildFile; fileRef = 8E8228E51ADB821C00F9A26E /* AlarmConfigurationController.swift */; };
		8E8228E81ADB8AA900F9A26E /* AlarmOptionsController.swift in Sources */ = {isa = PBXBuildFile; fileRef = 8E8228E71ADB8AA900F9A26E /* AlarmOptionsController.swift */; };
		8EFACDB81AD837EE00279956 /* AppDelegate.swift in Sources */ = {isa = PBXBuildFile; fileRef = 8EFACDB71AD837EE00279956 /* AppDelegate.swift */; };
		8EFACDBB1AD837EE00279956 /* Modularm.xcdatamodeld in Sources */ = {isa = PBXBuildFile; fileRef = 8EFACDB91AD837EE00279956 /* Modularm.xcdatamodeld */; };
		8EFACDC01AD837EE00279956 /* Main.storyboard in Resources */ = {isa = PBXBuildFile; fileRef = 8EFACDBE1AD837EE00279956 /* Main.storyboard */; };
		8EFACDC21AD837EE00279956 /* Images.xcassets in Resources */ = {isa = PBXBuildFile; fileRef = 8EFACDC11AD837EE00279956 /* Images.xcassets */; };
		8EFACDC51AD837EE00279956 /* LaunchScreen.xib in Resources */ = {isa = PBXBuildFile; fileRef = 8EFACDC31AD837EE00279956 /* LaunchScreen.xib */; };
		8EFACDD11AD837EE00279956 /* ModularmTests.swift in Sources */ = {isa = PBXBuildFile; fileRef = 8EFACDD01AD837EE00279956 /* ModularmTests.swift */; };
		8EFACDDD1AD8390F00279956 /* TimelineController.swift in Sources */ = {isa = PBXBuildFile; fileRef = 8EFACDDC1AD8390F00279956 /* TimelineController.swift */; };
		8EFACDDF1AD839E900279956 /* PVSAlarm.swift in Sources */ = {isa = PBXBuildFile; fileRef = 8EFACDDE1AD839E900279956 /* PVSAlarm.swift */; };
		8EFACDE11AD83A1E00279956 /* CoreDataStack.swift in Sources */ = {isa = PBXBuildFile; fileRef = 8EFACDE01AD83A1E00279956 /* CoreDataStack.swift */; };
/* End PBXBuildFile section */

/* Begin PBXContainerItemProxy section */
		8EFACDCB1AD837EE00279956 /* PBXContainerItemProxy */ = {
			isa = PBXContainerItemProxy;
			containerPortal = 8EFACDAA1AD837EE00279956 /* Project object */;
			proxyType = 1;
			remoteGlobalIDString = 8EFACDB11AD837EE00279956;
			remoteInfo = Modularm;
		};
/* End PBXContainerItemProxy section */

/* Begin PBXFileReference section */
		5B1997A31AE56CAD00D1522C /* UIButton+Extensions.swift */ = {isa = PBXFileReference; fileEncoding = 4; lastKnownFileType = sourcecode.swift; path = "UIButton+Extensions.swift"; sourceTree = "<group>"; };
		5B1997A51AE5717F00D1522C /* AlarmOptionDelegateDataSource.swift */ = {isa = PBXFileReference; fileEncoding = 4; lastKnownFileType = sourcecode.swift; path = AlarmOptionDelegateDataSource.swift; sourceTree = "<group>"; };
		5B74FC8B1ADD74A100902484 /* AlarmOptionSettingsController.swift */ = {isa = PBXFileReference; fileEncoding = 4; lastKnownFileType = sourcecode.swift; name = AlarmOptionSettingsController.swift; path = Modularm/AlarmOptionSettingsController.swift; sourceTree = "<group>"; };
		8E3B22601AD9E85F001693E2 /* TimelineDataSource.swift */ = {isa = PBXFileReference; fileEncoding = 4; lastKnownFileType = sourcecode.swift; name = TimelineDataSource.swift; path = Modularm/TimelineDataSource.swift; sourceTree = "<group>"; };
		8E3BDC331AE4176300E1FCDC /* AlarmOption.swift */ = {isa = PBXFileReference; fileEncoding = 4; lastKnownFileType = sourcecode.swift; name = AlarmOption.swift; path = Modularm/AlarmOption.swift; sourceTree = "<group>"; };
		8E3BDC351AE4176E00E1FCDC /* UIImage+Additions.swift */ = {isa = PBXFileReference; fileEncoding = 4; lastKnownFileType = sourcecode.swift; name = "UIImage+Additions.swift"; path = "Modularm/UIImage+Additions.swift"; sourceTree = "<group>"; };
		8E3BDC3A1AE430F400E1FCDC /* SnoozeOptionDelegateDataSource.swift */ = {isa = PBXFileReference; fileEncoding = 4; lastKnownFileType = sourcecode.swift; name = SnoozeOptionDelegateDataSource.swift; path = Modularm/SnoozeOptionDelegateDataSource.swift; sourceTree = "<group>"; };
		8E4511EF1ADCF00B00A3E8EC /* UIColor+Additions.swift */ = {isa = PBXFileReference; fileEncoding = 4; lastKnownFileType = sourcecode.swift; name = "UIColor+Additions.swift"; path = "Modularm/UIColor+Additions.swift"; sourceTree = "<group>"; };
		8E5BD3261ADB930400C42FAA /* AlarmOptionButton.swift */ = {isa = PBXFileReference; fileEncoding = 4; lastKnownFileType = sourcecode.swift; name = AlarmOptionButton.swift; path = Modularm/AlarmOptionButton.swift; sourceTree = "<group>"; };
		8E8228E11ADB679A00F9A26E /* UINavigationBar+Additions.swift */ = {isa = PBXFileReference; fileEncoding = 4; lastKnownFileType = sourcecode.swift; name = "UINavigationBar+Additions.swift"; path = "Modularm/UINavigationBar+Additions.swift"; sourceTree = "<group>"; };
		8E8228E51ADB821C00F9A26E /* AlarmConfigurationController.swift */ = {isa = PBXFileReference; fileEncoding = 4; lastKnownFileType = sourcecode.swift; path = AlarmConfigurationController.swift; sourceTree = "<group>"; };
		8E8228E71ADB8AA900F9A26E /* AlarmOptionsController.swift */ = {isa = PBXFileReference; fileEncoding = 4; lastKnownFileType = sourcecode.swift; path = AlarmOptionsController.swift; sourceTree = "<group>"; };
		8EFACDB21AD837EE00279956 /* Modularm.app */ = {isa = PBXFileReference; explicitFileType = wrapper.application; includeInIndex = 0; path = Modularm.app; sourceTree = BUILT_PRODUCTS_DIR; };
		8EFACDB61AD837EE00279956 /* Info.plist */ = {isa = PBXFileReference; lastKnownFileType = text.plist.xml; path = Info.plist; sourceTree = "<group>"; };
		8EFACDB71AD837EE00279956 /* AppDelegate.swift */ = {isa = PBXFileReference; lastKnownFileType = sourcecode.swift; name = AppDelegate.swift; path = Modularm/AppDelegate.swift; sourceTree = "<group>"; };
		8EFACDBA1AD837EE00279956 /* Modularm.xcdatamodel */ = {isa = PBXFileReference; lastKnownFileType = wrapper.xcdatamodel; path = Modularm.xcdatamodel; sourceTree = "<group>"; };
		8EFACDBF1AD837EE00279956 /* Base */ = {isa = PBXFileReference; lastKnownFileType = file.storyboard; name = Base; path = Base.lproj/Main.storyboard; sourceTree = "<group>"; };
		8EFACDC11AD837EE00279956 /* Images.xcassets */ = {isa = PBXFileReference; lastKnownFileType = folder.assetcatalog; name = Images.xcassets; path = Modularm/Images.xcassets; sourceTree = "<group>"; };
		8EFACDC41AD837EE00279956 /* Base */ = {isa = PBXFileReference; lastKnownFileType = file.xib; name = Base; path = Base.lproj/LaunchScreen.xib; sourceTree = "<group>"; };
		8EFACDCA1AD837EE00279956 /* ModularmTests.xctest */ = {isa = PBXFileReference; explicitFileType = wrapper.cfbundle; includeInIndex = 0; path = ModularmTests.xctest; sourceTree = BUILT_PRODUCTS_DIR; };
		8EFACDCF1AD837EE00279956 /* Info.plist */ = {isa = PBXFileReference; lastKnownFileType = text.plist.xml; path = Info.plist; sourceTree = "<group>"; };
		8EFACDD01AD837EE00279956 /* ModularmTests.swift */ = {isa = PBXFileReference; lastKnownFileType = sourcecode.swift; path = ModularmTests.swift; sourceTree = "<group>"; };
		8EFACDDC1AD8390F00279956 /* TimelineController.swift */ = {isa = PBXFileReference; fileEncoding = 4; lastKnownFileType = sourcecode.swift; path = TimelineController.swift; sourceTree = "<group>"; };
		8EFACDDE1AD839E900279956 /* PVSAlarm.swift */ = {isa = PBXFileReference; fileEncoding = 4; lastKnownFileType = sourcecode.swift; name = PVSAlarm.swift; path = Modularm/PVSAlarm.swift; sourceTree = "<group>"; };
		8EFACDE01AD83A1E00279956 /* CoreDataStack.swift */ = {isa = PBXFileReference; fileEncoding = 4; lastKnownFileType = sourcecode.swift; name = CoreDataStack.swift; path = Modularm/CoreDataStack.swift; sourceTree = "<group>"; };
/* End PBXFileReference section */

/* Begin PBXFrameworksBuildPhase section */
		8EFACDAF1AD837EE00279956 /* Frameworks */ = {
			isa = PBXFrameworksBuildPhase;
			buildActionMask = 2147483647;
			files = (
			);
			runOnlyForDeploymentPostprocessing = 0;
		};
		8EFACDC71AD837EE00279956 /* Frameworks */ = {
			isa = PBXFrameworksBuildPhase;
			buildActionMask = 2147483647;
			files = (
			);
			runOnlyForDeploymentPostprocessing = 0;
		};
/* End PBXFrameworksBuildPhase section */

/* Begin PBXGroup section */
		5B74FC8A1ADD72E000902484 /* UI */ = {
			isa = PBXGroup;
			children = (
				8EFACDBE1AD837EE00279956 /* Main.storyboard */,
				8EFACDC31AD837EE00279956 /* LaunchScreen.xib */,
				8E5BD3261ADB930400C42FAA /* AlarmOptionButton.swift */,
			);
			name = UI;
			sourceTree = "<group>";
		};
		8E3BDC371AE4308A00E1FCDC /* Option Settings */ = {
			isa = PBXGroup;
			children = (
				5B74FC8B1ADD74A100902484 /* AlarmOptionSettingsController.swift */,
				8E3BDC3A1AE430F400E1FCDC /* SnoozeOptionDelegateDataSource.swift */,
				5B1997A51AE5717F00D1522C /* AlarmOptionDelegateDataSource.swift */,
			);
			name = "Option Settings";
			sourceTree = "<group>";
		};
		8EC9B9C91ADB9C3A00DBF350 /* Class Extensions */ = {
			isa = PBXGroup;
			children = (
				8E4511EF1ADCF00B00A3E8EC /* UIColor+Additions.swift */,
				8E8228E11ADB679A00F9A26E /* UINavigationBar+Additions.swift */,
				8E3BDC351AE4176E00E1FCDC /* UIImage+Additions.swift */,
				5B1997A31AE56CAD00D1522C /* UIButton+Extensions.swift */,
			);
			name = "Class Extensions";
			sourceTree = "<group>";
		};
		8EC9B9CA1ADB9C4B00DBF350 /* Model */ = {
			isa = PBXGroup;
			children = (
				8EFACDDE1AD839E900279956 /* PVSAlarm.swift */,
			);
			name = Model;
			sourceTree = "<group>";
		};
		8EC9B9CB1ADB9C5600DBF350 /* Core Data */ = {
			isa = PBXGroup;
			children = (
				8EFACDE01AD83A1E00279956 /* CoreDataStack.swift */,
				8E3B22601AD9E85F001693E2 /* TimelineDataSource.swift */,
				8EFACDB91AD837EE00279956 /* Modularm.xcdatamodeld */,
			);
			name = "Core Data";
			sourceTree = "<group>";
		};
		8EC9B9CC1ADB9C6800DBF350 /* Other */ = {
			isa = PBXGroup;
			children = (
				8EFACDB71AD837EE00279956 /* AppDelegate.swift */,
				8EFACDC11AD837EE00279956 /* Images.xcassets */,
			);
			name = Other;
			sourceTree = "<group>";
		};
		8ED9FF301ADF722000A9C25A /* Enums */ = {
			isa = PBXGroup;
			children = (
				8E3BDC331AE4176300E1FCDC /* AlarmOption.swift */,
			);
			name = Enums;
			sourceTree = "<group>";
		};
		8EFACDA91AD837EE00279956 = {
			isa = PBXGroup;
			children = (
				8E3BDC371AE4308A00E1FCDC /* Option Settings */,
				8ED9FF301ADF722000A9C25A /* Enums */,
				5B74FC8A1ADD72E000902484 /* UI */,
				8EC9B9C91ADB9C3A00DBF350 /* Class Extensions */,
				8EC9B9CB1ADB9C5600DBF350 /* Core Data */,
				8EC9B9CA1ADB9C4B00DBF350 /* Model */,
				8EFACDCD1AD837EE00279956 /* ModularmTests */,
				8EC9B9CC1ADB9C6800DBF350 /* Other */,
				8EFACDB31AD837EE00279956 /* Products */,
				8EFACDB51AD837EE00279956 /* Supporting Files */,
				8EFACDB41AD837EE00279956 /* View Controllers */,
			);
			sourceTree = "<group>";
		};
		8EFACDB31AD837EE00279956 /* Products */ = {
			isa = PBXGroup;
			children = (
				8EFACDB21AD837EE00279956 /* Modularm.app */,
				8EFACDCA1AD837EE00279956 /* ModularmTests.xctest */,
			);
			name = Products;
			sourceTree = "<group>";
		};
		8EFACDB41AD837EE00279956 /* View Controllers */ = {
			isa = PBXGroup;
			children = (
				8E8228E51ADB821C00F9A26E /* AlarmConfigurationController.swift */,
				8EFACDDC1AD8390F00279956 /* TimelineController.swift */,
				8E8228E71ADB8AA900F9A26E /* AlarmOptionsController.swift */,
			);
			name = "View Controllers";
			path = Modularm;
			sourceTree = "<group>";
		};
		8EFACDB51AD837EE00279956 /* Supporting Files */ = {
			isa = PBXGroup;
			children = (
				8EFACDB61AD837EE00279956 /* Info.plist */,
			);
			name = "Supporting Files";
			path = Modularm;
			sourceTree = "<group>";
		};
		8EFACDCD1AD837EE00279956 /* ModularmTests */ = {
			isa = PBXGroup;
			children = (
				8EFACDD01AD837EE00279956 /* ModularmTests.swift */,
				8EFACDCE1AD837EE00279956 /* Supporting Files */,
			);
			path = ModularmTests;
			sourceTree = "<group>";
		};
		8EFACDCE1AD837EE00279956 /* Supporting Files */ = {
			isa = PBXGroup;
			children = (
				8EFACDCF1AD837EE00279956 /* Info.plist */,
			);
			name = "Supporting Files";
			sourceTree = "<group>";
		};
/* End PBXGroup section */

/* Begin PBXNativeTarget section */
		8EFACDB11AD837EE00279956 /* Modularm */ = {
			isa = PBXNativeTarget;
			buildConfigurationList = 8EFACDD41AD837EE00279956 /* Build configuration list for PBXNativeTarget "Modularm" */;
			buildPhases = (
				8EFACDAE1AD837EE00279956 /* Sources */,
				8EFACDAF1AD837EE00279956 /* Frameworks */,
				8EFACDB01AD837EE00279956 /* Resources */,
			);
			buildRules = (
			);
			dependencies = (
			);
			name = Modularm;
			productName = Modularm;
			productReference = 8EFACDB21AD837EE00279956 /* Modularm.app */;
			productType = "com.apple.product-type.application";
		};
		8EFACDC91AD837EE00279956 /* ModularmTests */ = {
			isa = PBXNativeTarget;
			buildConfigurationList = 8EFACDD71AD837EE00279956 /* Build configuration list for PBXNativeTarget "ModularmTests" */;
			buildPhases = (
				8EFACDC61AD837EE00279956 /* Sources */,
				8EFACDC71AD837EE00279956 /* Frameworks */,
				8EFACDC81AD837EE00279956 /* Resources */,
			);
			buildRules = (
			);
			dependencies = (
				8EFACDCC1AD837EE00279956 /* PBXTargetDependency */,
			);
			name = ModularmTests;
			productName = ModularmTests;
			productReference = 8EFACDCA1AD837EE00279956 /* ModularmTests.xctest */;
			productType = "com.apple.product-type.bundle.unit-test";
		};
/* End PBXNativeTarget section */

/* Begin PBXProject section */
		8EFACDAA1AD837EE00279956 /* Project object */ = {
			isa = PBXProject;
			attributes = {
				LastUpgradeCheck = 0630;
				ORGANIZATIONNAME = "Pure Virtual Studios, LLC";
				TargetAttributes = {
					8EFACDB11AD837EE00279956 = {
						CreatedOnToolsVersion = 6.3;
						DevelopmentTeam = 49BYD5B64K;
					};
					8EFACDC91AD837EE00279956 = {
						CreatedOnToolsVersion = 6.3;
						TestTargetID = 8EFACDB11AD837EE00279956;
					};
				};
			};
			buildConfigurationList = 8EFACDAD1AD837EE00279956 /* Build configuration list for PBXProject "Modularm" */;
			compatibilityVersion = "Xcode 3.2";
			developmentRegion = English;
			hasScannedForEncodings = 0;
			knownRegions = (
				en,
				Base,
			);
			mainGroup = 8EFACDA91AD837EE00279956;
			productRefGroup = 8EFACDB31AD837EE00279956 /* Products */;
			projectDirPath = "";
			projectRoot = "";
			targets = (
				8EFACDB11AD837EE00279956 /* Modularm */,
				8EFACDC91AD837EE00279956 /* ModularmTests */,
			);
		};
/* End PBXProject section */

/* Begin PBXResourcesBuildPhase section */
		8EFACDB01AD837EE00279956 /* Resources */ = {
			isa = PBXResourcesBuildPhase;
			buildActionMask = 2147483647;
			files = (
				8EFACDC01AD837EE00279956 /* Main.storyboard in Resources */,
				8EFACDC51AD837EE00279956 /* LaunchScreen.xib in Resources */,
				8EFACDC21AD837EE00279956 /* Images.xcassets in Resources */,
			);
			runOnlyForDeploymentPostprocessing = 0;
		};
		8EFACDC81AD837EE00279956 /* Resources */ = {
			isa = PBXResourcesBuildPhase;
			buildActionMask = 2147483647;
			files = (
			);
			runOnlyForDeploymentPostprocessing = 0;
		};
/* End PBXResourcesBuildPhase section */

/* Begin PBXSourcesBuildPhase section */
		8EFACDAE1AD837EE00279956 /* Sources */ = {
			isa = PBXSourcesBuildPhase;
			buildActionMask = 2147483647;
			files = (
				8E3BDC3B1AE430F400E1FCDC /* SnoozeOptionDelegateDataSource.swift in Sources */,
				8EFACDE11AD83A1E00279956 /* CoreDataStack.swift in Sources */,
				8EFACDBB1AD837EE00279956 /* Modularm.xcdatamodeld in Sources */,
				8EFACDB81AD837EE00279956 /* AppDelegate.swift in Sources */,
				8E3B22611AD9E85F001693E2 /* TimelineDataSource.swift in Sources */,
				8E5BD3271ADB930400C42FAA /* AlarmOptionButton.swift in Sources */,
				8E4511F01ADCF00B00A3E8EC /* UIColor+Additions.swift in Sources */,
				8E8228E21ADB679A00F9A26E /* UINavigationBar+Additions.swift in Sources */,
				8E3BDC341AE4176300E1FCDC /* AlarmOption.swift in Sources */,
				5B1997A41AE56CAD00D1522C /* UIButton+Extensions.swift in Sources */,
				8EFACDDD1AD8390F00279956 /* TimelineController.swift in Sources */,
				8E8228E61ADB821C00F9A26E /* AlarmConfigurationController.swift in Sources */,
				5B74FC8C1ADD74A100902484 /* AlarmOptionSettingsController.swift in Sources */,
				8E8228E81ADB8AA900F9A26E /* AlarmOptionsController.swift in Sources */,
				5B1997A61AE5717F00D1522C /* AlarmOptionDelegateDataSource.swift in Sources */,
				8EFACDDF1AD839E900279956 /* PVSAlarm.swift in Sources */,
				8E3BDC361AE4176E00E1FCDC /* UIImage+Additions.swift in Sources */,
			);
			runOnlyForDeploymentPostprocessing = 0;
		};
		8EFACDC61AD837EE00279956 /* Sources */ = {
			isa = PBXSourcesBuildPhase;
			buildActionMask = 2147483647;
			files = (
				8EFACDD11AD837EE00279956 /* ModularmTests.swift in Sources */,
			);
			runOnlyForDeploymentPostprocessing = 0;
		};
/* End PBXSourcesBuildPhase section */

/* Begin PBXTargetDependency section */
		8EFACDCC1AD837EE00279956 /* PBXTargetDependency */ = {
			isa = PBXTargetDependency;
			target = 8EFACDB11AD837EE00279956 /* Modularm */;
			targetProxy = 8EFACDCB1AD837EE00279956 /* PBXContainerItemProxy */;
		};
/* End PBXTargetDependency section */

/* Begin PBXVariantGroup section */
		8EFACDBE1AD837EE00279956 /* Main.storyboard */ = {
			isa = PBXVariantGroup;
			children = (
				8EFACDBF1AD837EE00279956 /* Base */,
			);
			name = Main.storyboard;
			path = Modularm;
			sourceTree = "<group>";
		};
		8EFACDC31AD837EE00279956 /* LaunchScreen.xib */ = {
			isa = PBXVariantGroup;
			children = (
				8EFACDC41AD837EE00279956 /* Base */,
			);
			name = LaunchScreen.xib;
			path = Modularm;
			sourceTree = "<group>";
		};
/* End PBXVariantGroup section */

/* Begin XCBuildConfiguration section */
		8EFACDD21AD837EE00279956 /* Debug */ = {
			isa = XCBuildConfiguration;
			buildSettings = {
				ALWAYS_SEARCH_USER_PATHS = NO;
				CLANG_CXX_LANGUAGE_STANDARD = "gnu++0x";
				CLANG_CXX_LIBRARY = "libc++";
				CLANG_ENABLE_MODULES = YES;
				CLANG_ENABLE_OBJC_ARC = YES;
				CLANG_WARN_BOOL_CONVERSION = YES;
				CLANG_WARN_CONSTANT_CONVERSION = YES;
				CLANG_WARN_DIRECT_OBJC_ISA_USAGE = YES_ERROR;
				CLANG_WARN_EMPTY_BODY = YES;
				CLANG_WARN_ENUM_CONVERSION = YES;
				CLANG_WARN_INT_CONVERSION = YES;
				CLANG_WARN_OBJC_ROOT_CLASS = YES_ERROR;
				CLANG_WARN_UNREACHABLE_CODE = YES;
				CLANG_WARN__DUPLICATE_METHOD_MATCH = YES;
				"CODE_SIGN_IDENTITY[sdk=iphoneos*]" = "iPhone Developer";
				COPY_PHASE_STRIP = NO;
				DEBUG_INFORMATION_FORMAT = "dwarf-with-dsym";
				ENABLE_STRICT_OBJC_MSGSEND = YES;
				GCC_C_LANGUAGE_STANDARD = gnu99;
				GCC_DYNAMIC_NO_PIC = NO;
				GCC_NO_COMMON_BLOCKS = YES;
				GCC_OPTIMIZATION_LEVEL = 0;
				GCC_PREPROCESSOR_DEFINITIONS = (
					"DEBUG=1",
					"$(inherited)",
				);
				GCC_SYMBOLS_PRIVATE_EXTERN = NO;
				GCC_WARN_64_TO_32_BIT_CONVERSION = YES;
				GCC_WARN_ABOUT_RETURN_TYPE = YES_ERROR;
				GCC_WARN_UNDECLARED_SELECTOR = YES;
				GCC_WARN_UNINITIALIZED_AUTOS = YES_AGGRESSIVE;
				GCC_WARN_UNUSED_FUNCTION = YES;
				GCC_WARN_UNUSED_VARIABLE = YES;
				IPHONEOS_DEPLOYMENT_TARGET = 8.3;
				MTL_ENABLE_DEBUG_INFO = YES;
				ONLY_ACTIVE_ARCH = YES;
				SDKROOT = iphoneos;
				SWIFT_OPTIMIZATION_LEVEL = "-Onone";
				TARGETED_DEVICE_FAMILY = "1,2";
			};
			name = Debug;
		};
		8EFACDD31AD837EE00279956 /* Release */ = {
			isa = XCBuildConfiguration;
			buildSettings = {
				ALWAYS_SEARCH_USER_PATHS = NO;
				CLANG_CXX_LANGUAGE_STANDARD = "gnu++0x";
				CLANG_CXX_LIBRARY = "libc++";
				CLANG_ENABLE_MODULES = YES;
				CLANG_ENABLE_OBJC_ARC = YES;
				CLANG_WARN_BOOL_CONVERSION = YES;
				CLANG_WARN_CONSTANT_CONVERSION = YES;
				CLANG_WARN_DIRECT_OBJC_ISA_USAGE = YES_ERROR;
				CLANG_WARN_EMPTY_BODY = YES;
				CLANG_WARN_ENUM_CONVERSION = YES;
				CLANG_WARN_INT_CONVERSION = YES;
				CLANG_WARN_OBJC_ROOT_CLASS = YES_ERROR;
				CLANG_WARN_UNREACHABLE_CODE = YES;
				CLANG_WARN__DUPLICATE_METHOD_MATCH = YES;
				"CODE_SIGN_IDENTITY[sdk=iphoneos*]" = "iPhone Developer";
				COPY_PHASE_STRIP = NO;
				DEBUG_INFORMATION_FORMAT = "dwarf-with-dsym";
				ENABLE_NS_ASSERTIONS = NO;
				ENABLE_STRICT_OBJC_MSGSEND = YES;
				GCC_C_LANGUAGE_STANDARD = gnu99;
				GCC_NO_COMMON_BLOCKS = YES;
				GCC_WARN_64_TO_32_BIT_CONVERSION = YES;
				GCC_WARN_ABOUT_RETURN_TYPE = YES_ERROR;
				GCC_WARN_UNDECLARED_SELECTOR = YES;
				GCC_WARN_UNINITIALIZED_AUTOS = YES_AGGRESSIVE;
				GCC_WARN_UNUSED_FUNCTION = YES;
				GCC_WARN_UNUSED_VARIABLE = YES;
				IPHONEOS_DEPLOYMENT_TARGET = 8.3;
				MTL_ENABLE_DEBUG_INFO = NO;
				SDKROOT = iphoneos;
				TARGETED_DEVICE_FAMILY = "1,2";
				VALIDATE_PRODUCT = YES;
			};
			name = Release;
		};
		8EFACDD51AD837EE00279956 /* Debug */ = {
			isa = XCBuildConfiguration;
			buildSettings = {
				ASSETCATALOG_COMPILER_APPICON_NAME = AppIcon;
				CODE_SIGN_IDENTITY = "iPhone Developer";
				INFOPLIST_FILE = Modularm/Info.plist;
				LD_RUNPATH_SEARCH_PATHS = "$(inherited) @executable_path/Frameworks";
				PRODUCT_NAME = "$(TARGET_NAME)";
			};
			name = Debug;
		};
		8EFACDD61AD837EE00279956 /* Release */ = {
			isa = XCBuildConfiguration;
			buildSettings = {
				ASSETCATALOG_COMPILER_APPICON_NAME = AppIcon;
				CODE_SIGN_IDENTITY = "iPhone Developer";
				INFOPLIST_FILE = Modularm/Info.plist;
				LD_RUNPATH_SEARCH_PATHS = "$(inherited) @executable_path/Frameworks";
				PRODUCT_NAME = "$(TARGET_NAME)";
			};
			name = Release;
		};
		8EFACDD81AD837EE00279956 /* Debug */ = {
			isa = XCBuildConfiguration;
			buildSettings = {
				BUNDLE_LOADER = "$(TEST_HOST)";
				FRAMEWORK_SEARCH_PATHS = (
					"$(SDKROOT)/Developer/Library/Frameworks",
					"$(inherited)",
				);
				GCC_PREPROCESSOR_DEFINITIONS = (
					"DEBUG=1",
					"$(inherited)",
				);
				INFOPLIST_FILE = ModularmTests/Info.plist;
				LD_RUNPATH_SEARCH_PATHS = "$(inherited) @executable_path/Frameworks @loader_path/Frameworks";
				PRODUCT_NAME = "$(TARGET_NAME)";
				TEST_HOST = "$(BUILT_PRODUCTS_DIR)/Modularm.app/Modularm";
			};
			name = Debug;
		};
		8EFACDD91AD837EE00279956 /* Release */ = {
			isa = XCBuildConfiguration;
			buildSettings = {
				BUNDLE_LOADER = "$(TEST_HOST)";
				FRAMEWORK_SEARCH_PATHS = (
					"$(SDKROOT)/Developer/Library/Frameworks",
					"$(inherited)",
				);
				INFOPLIST_FILE = ModularmTests/Info.plist;
				LD_RUNPATH_SEARCH_PATHS = "$(inherited) @executable_path/Frameworks @loader_path/Frameworks";
				PRODUCT_NAME = "$(TARGET_NAME)";
				TEST_HOST = "$(BUILT_PRODUCTS_DIR)/Modularm.app/Modularm";
			};
			name = Release;
		};
/* End XCBuildConfiguration section */

/* Begin XCConfigurationList section */
		8EFACDAD1AD837EE00279956 /* Build configuration list for PBXProject "Modularm" */ = {
			isa = XCConfigurationList;
			buildConfigurations = (
				8EFACDD21AD837EE00279956 /* Debug */,
				8EFACDD31AD837EE00279956 /* Release */,
			);
			defaultConfigurationIsVisible = 0;
			defaultConfigurationName = Release;
		};
		8EFACDD41AD837EE00279956 /* Build configuration list for PBXNativeTarget "Modularm" */ = {
			isa = XCConfigurationList;
			buildConfigurations = (
				8EFACDD51AD837EE00279956 /* Debug */,
				8EFACDD61AD837EE00279956 /* Release */,
			);
			defaultConfigurationIsVisible = 0;
			defaultConfigurationName = Release;
		};
		8EFACDD71AD837EE00279956 /* Build configuration list for PBXNativeTarget "ModularmTests" */ = {
			isa = XCConfigurationList;
			buildConfigurations = (
				8EFACDD81AD837EE00279956 /* Debug */,
				8EFACDD91AD837EE00279956 /* Release */,
			);
			defaultConfigurationIsVisible = 0;
			defaultConfigurationName = Release;
		};
/* End XCConfigurationList section */

/* Begin XCVersionGroup section */
		8EFACDB91AD837EE00279956 /* Modularm.xcdatamodeld */ = {
			isa = XCVersionGroup;
			children = (
				8EFACDBA1AD837EE00279956 /* Modularm.xcdatamodel */,
			);
			currentVersion = 8EFACDBA1AD837EE00279956 /* Modularm.xcdatamodel */;
			name = Modularm.xcdatamodeld;
			path = Modularm/Modularm.xcdatamodeld;
			sourceTree = "<group>";
			versionGroupType = wrapper.xcdatamodel;
		};
/* End XCVersionGroup section */
	};
	rootObject = 8EFACDAA1AD837EE00279956 /* Project object */;
}
