// !$*UTF8*$!
{
	archiveVersion = 1;
	classes = {
	};
	objectVersion = 46;
	objects = {

/* Begin PBXBuildFile section */
		1F1511AD1BF1CF0C0010AB1C /* WeatherSupport.swift in Sources */ = {isa = PBXBuildFile; fileRef = 1F1511AC1BF1CF0C0010AB1C /* WeatherSupport.swift */; };
		1F1511AF1BF1D4AE0010AB1C /* ForecastAPI.swift in Sources */ = {isa = PBXBuildFile; fileRef = 1F1511AE1BF1D4AE0010AB1C /* ForecastAPI.swift */; };
		1F1511B11BF1DC700010AB1C /* LocationManager.swift in Sources */ = {isa = PBXBuildFile; fileRef = 1F1511B01BF1DC700010AB1C /* LocationManager.swift */; };
		1F1511B31BF1E4A70010AB1C /* CoreLocation.framework in Frameworks */ = {isa = PBXBuildFile; fileRef = 1F1511B21BF1E4A70010AB1C /* CoreLocation.framework */; };
		1F2CB5091BF03CF900589BF2 /* PickedAlarmMusic.swift in Sources */ = {isa = PBXBuildFile; fileRef = 1F2CB4FC1BF03CF900589BF2 /* PickedAlarmMusic.swift */; };
		1F2CB50B1BF03CF900589BF2 /* IPodLibraryMusicPicker.swift in Sources */ = {isa = PBXBuildFile; fileRef = 1F2CB4FE1BF03CF900589BF2 /* IPodLibraryMusicPicker.swift */; };
		1F2CB50D1BF03CF900589BF2 /* SpotifyConstants.swift in Sources */ = {isa = PBXBuildFile; fileRef = 1F2CB5001BF03CF900589BF2 /* SpotifyConstants.swift */; };
		1F2CB50E1BF03CF900589BF2 /* SpotifyLoginHelper.swift in Sources */ = {isa = PBXBuildFile; fileRef = 1F2CB5011BF03CF900589BF2 /* SpotifyLoginHelper.swift */; };
		1F2CB50F1BF03CF900589BF2 /* SpotifyMusicPicker.swift in Sources */ = {isa = PBXBuildFile; fileRef = 1F2CB5021BF03CF900589BF2 /* SpotifyMusicPicker.swift */; };
		1F2CB5101BF03CF900589BF2 /* SpotifyMusicPickerVC.swift in Sources */ = {isa = PBXBuildFile; fileRef = 1F2CB5031BF03CF900589BF2 /* SpotifyMusicPickerVC.swift */; };
		1F2CB5111BF03CF900589BF2 /* SpotifyPickerUI.storyboard in Resources */ = {isa = PBXBuildFile; fileRef = 1F2CB5041BF03CF900589BF2 /* SpotifyPickerUI.storyboard */; };
		1F2CB5131BF03CF900589BF2 /* SpotifySessionManager.swift in Sources */ = {isa = PBXBuildFile; fileRef = 1F2CB5061BF03CF900589BF2 /* SpotifySessionManager.swift */; };
		1F2CB5141BF03CF900589BF2 /* SpotifyTokenRefreher.swift in Sources */ = {isa = PBXBuildFile; fileRef = 1F2CB5071BF03CF900589BF2 /* SpotifyTokenRefreher.swift */; };
		1F2CB5151BF03CF900589BF2 /* SpotifyTrackListVC.swift in Sources */ = {isa = PBXBuildFile; fileRef = 1F2CB5081BF03CF900589BF2 /* SpotifyTrackListVC.swift */; };
		1F3D74B91BF32DDD0087FC23 /* PAlarm.swift in Sources */ = {isa = PBXBuildFile; fileRef = 1F3D74B81BF32DDD0087FC23 /* PAlarm.swift */; };
		1F3D74BB1BF3338F0087FC23 /* AlarmEngine.swift in Sources */ = {isa = PBXBuildFile; fileRef = 1F3D74BA1BF3338F0087FC23 /* AlarmEngine.swift */; };
		1F552A2A1BEBEA9200E7CAD6 /* SwiftHTTPServer.framework in Frameworks */ = {isa = PBXBuildFile; fileRef = 1F552A291BEBEA9200E7CAD6 /* SwiftHTTPServer.framework */; };
		1F851C2B1BF367D500D06383 /* NSDateExtension.swift in Sources */ = {isa = PBXBuildFile; fileRef = 1F851C2A1BF367D500D06383 /* NSDateExtension.swift */; };
		1F851C2D1BF367F400D06383 /* AppDelegateExtension.swift in Sources */ = {isa = PBXBuildFile; fileRef = 1F851C2C1BF367F400D06383 /* AppDelegateExtension.swift */; };
		1F851C2F1BF3686D00D06383 /* AlarmConstants.swift in Sources */ = {isa = PBXBuildFile; fileRef = 1F851C2E1BF3686D00D06383 /* AlarmConstants.swift */; };
		1F851C311BF36B3F00D06383 /* PAlarmExtension.swift in Sources */ = {isa = PBXBuildFile; fileRef = 1F851C301BF36B3F00D06383 /* PAlarmExtension.swift */; };
		1F851C391BF3747E00D06383 /* AlarmSound.caf in Resources */ = {isa = PBXBuildFile; fileRef = 1F851C331BF3747700D06383 /* AlarmSound.caf */; };
		1F851C3A1BF3747E00D06383 /* ElectroAlarmPrint.caf in Resources */ = {isa = PBXBuildFile; fileRef = 1F851C341BF3747700D06383 /* ElectroAlarmPrint.caf */; };
		1F851C3B1BF3747E00D06383 /* HappyDay.caf in Resources */ = {isa = PBXBuildFile; fileRef = 1F851C351BF3747700D06383 /* HappyDay.caf */; };
		1F851C3C1BF3747E00D06383 /* HipHopAlarm.caf in Resources */ = {isa = PBXBuildFile; fileRef = 1F851C361BF3747700D06383 /* HipHopAlarm.caf */; };
		1F851C3D1BF3747E00D06383 /* HurryUpWakeUp.caf in Resources */ = {isa = PBXBuildFile; fileRef = 1F851C371BF3747700D06383 /* HurryUpWakeUp.caf */; };
		1F851C3E1BF3747E00D06383 /* SimpleAlarm.caf in Resources */ = {isa = PBXBuildFile; fileRef = 1F851C381BF3747700D06383 /* SimpleAlarm.caf */; };
		1F851C401BF3749700D06383 /* AlarmSoundStore.swift in Sources */ = {isa = PBXBuildFile; fileRef = 1F851C3F1BF3749700D06383 /* AlarmSoundStore.swift */; };
		1F8815BB1BF20ED400B737FD /* GCDUtil.swift in Sources */ = {isa = PBXBuildFile; fileRef = 1F8815BA1BF20ED400B737FD /* GCDUtil.swift */; };
		1F8815BD1BF21BB300B737FD /* SwiftyJSON.framework in Frameworks */ = {isa = PBXBuildFile; fileRef = 1F8815BC1BF21BB300B737FD /* SwiftyJSON.framework */; };
		1F8815BF1BF24CF700B737FD /* WeatherImages.xcassets in Resources */ = {isa = PBXBuildFile; fileRef = 1F8815BE1BF24CF700B737FD /* WeatherImages.xcassets */; };
		1F9955F91BEBCC760068C776 /* Spotify.framework in Frameworks */ = {isa = PBXBuildFile; fileRef = 1F9955F81BEBCC760068C776 /* Spotify.framework */; };
		1F9955FB1BEBCC8C0068C776 /* AVFoundation.framework in Frameworks */ = {isa = PBXBuildFile; fileRef = 1F9955FA1BEBCC8C0068C776 /* AVFoundation.framework */; };
		1FD229781BF0D539006BFFA5 /* spotify.xcassets in Resources */ = {isa = PBXBuildFile; fileRef = 1FD229771BF0D539006BFFA5 /* spotify.xcassets */; };
		1FD2297A1BF0F0F9006BFFA5 /* MusicPlayerImpl.swift in Sources */ = {isa = PBXBuildFile; fileRef = 1FD229791BF0F0F9006BFFA5 /* MusicPlayerImpl.swift */; };
		1FD973C41BEF420100C6DE38 /* MediaPlayer.framework in Frameworks */ = {isa = PBXBuildFile; fileRef = 1FD973C31BEF420100C6DE38 /* MediaPlayer.framework */; };
		1FDE6C5A1BF1CAA20044A639 /* MusicSupport.swift in Sources */ = {isa = PBXBuildFile; fileRef = 1FDE6C591BF1CAA20044A639 /* MusicSupport.swift */; };
		1FF8761B1BF047E00030B6C7 /* SpotifyPlaylistListVC.swift in Sources */ = {isa = PBXBuildFile; fileRef = 1FF8761A1BF047E00030B6C7 /* SpotifyPlaylistListVC.swift */; };
		1FFF4D7C1BF08C1B00D32526 /* WebImage.framework in Frameworks */ = {isa = PBXBuildFile; fileRef = 1FFF4D7B1BF08C1B00D32526 /* WebImage.framework */; };
		5B1997AA1AE5765800D1522C /* WeatherOptionDelegateDataSource.swift in Sources */ = {isa = PBXBuildFile; fileRef = 5B1997A91AE5765800D1522C /* WeatherOptionDelegateDataSource.swift */; };
		5B1997AC1AE5B42700D1522C /* SoundOptionDelegateDataSource.swift in Sources */ = {isa = PBXBuildFile; fileRef = 5B1997AB1AE5B42700D1522C /* SoundOptionDelegateDataSource.swift */; };
		5B1997AE1AE5B58000D1522C /* DateOptionDelegateDataSource.swift in Sources */ = {isa = PBXBuildFile; fileRef = 5B1997AD1AE5B58000D1522C /* DateOptionDelegateDataSource.swift */; };
		5B1997B01AE5B64A00D1522C /* MusicOptionDelegateDataSource.swift in Sources */ = {isa = PBXBuildFile; fileRef = 5B1997AF1AE5B64A00D1522C /* MusicOptionDelegateDataSource.swift */; };
		5B1997B31AE5B98600D1522C /* RepeatOptionDelegateDataSource.swift in Sources */ = {isa = PBXBuildFile; fileRef = 5B1997B21AE5B98600D1522C /* RepeatOptionDelegateDataSource.swift */; };
		5B1997B71AE5F79C00D1522C /* AlarmMessageSettingsController.swift in Sources */ = {isa = PBXBuildFile; fileRef = 5B1997B61AE5F79C00D1522C /* AlarmMessageSettingsController.swift */; };
		5B22182F1AE60A0700D56D31 /* AlarmOptionDelegateDataSource.swift in Sources */ = {isa = PBXBuildFile; fileRef = 5B22182E1AE60A0700D56D31 /* AlarmOptionDelegateDataSource.swift */; };
		5B2218311AE60A2400D56D31 /* UIButton+Additions.swift in Sources */ = {isa = PBXBuildFile; fileRef = 5B2218301AE60A2400D56D31 /* UIButton+Additions.swift */; };
		5B49D74F1B4378E700896878 /* DigitalTimeView.swift in Sources */ = {isa = PBXBuildFile; fileRef = 5B49D74E1B4378E700896878 /* DigitalTimeView.swift */; };
		5B4C10AB1B60A812006709B7 /* UIBarButtonItem+Additions.swift in Sources */ = {isa = PBXBuildFile; fileRef = 5B4C10AA1B60A812006709B7 /* UIBarButtonItem+Additions.swift */; };
		5B6C12611AFF2841009617A8 /* Alarm.swift in Sources */ = {isa = PBXBuildFile; fileRef = 5B6C12591AFF2841009617A8 /* Alarm.swift */; };
		5B6C12621AFF2841009617A8 /* Countdown.swift in Sources */ = {isa = PBXBuildFile; fileRef = 5B6C125A1AFF2841009617A8 /* Countdown.swift */; };
		5B6C12631AFF2841009617A8 /* Date.swift in Sources */ = {isa = PBXBuildFile; fileRef = 5B6C125B1AFF2841009617A8 /* Date.swift */; };
		5B6C12641AFF2841009617A8 /* Message.swift in Sources */ = {isa = PBXBuildFile; fileRef = 5B6C125C1AFF2841009617A8 /* Message.swift */; };
		5B6C12651AFF2841009617A8 /* Repeat.swift in Sources */ = {isa = PBXBuildFile; fileRef = 5B6C125D1AFF2841009617A8 /* Repeat.swift */; };
		5B6C12661AFF2841009617A8 /* Snooze.swift in Sources */ = {isa = PBXBuildFile; fileRef = 5B6C125E1AFF2841009617A8 /* Snooze.swift */; };
		5B6C12671AFF2841009617A8 /* Sound.swift in Sources */ = {isa = PBXBuildFile; fileRef = 5B6C125F1AFF2841009617A8 /* Sound.swift */; };
		5B6C12681AFF2841009617A8 /* Weather.swift in Sources */ = {isa = PBXBuildFile; fileRef = 5B6C12601AFF2841009617A8 /* Weather.swift */; };
		5B6C126A1AFF2860009617A8 /* NSAttributedString+Additions.swift in Sources */ = {isa = PBXBuildFile; fileRef = 5B6C12691AFF2860009617A8 /* NSAttributedString+Additions.swift */; };
		5B6C126E1AFFB152009617A8 /* OptionSettingsControllerBase.swift in Sources */ = {isa = PBXBuildFile; fileRef = 5B6C126D1AFFB152009617A8 /* OptionSettingsControllerBase.swift */; };
		5B6C12701AFFB875009617A8 /* AlarmOptionDelegateDataSourceBuilder.swift in Sources */ = {isa = PBXBuildFile; fileRef = 5B6C126F1AFFB875009617A8 /* AlarmOptionDelegateDataSourceBuilder.swift */; };
		5B6C136C1B019D02009617A8 /* NSCalendar+Additions.swift in Sources */ = {isa = PBXBuildFile; fileRef = 5B6C136B1B019D02009617A8 /* NSCalendar+Additions.swift */; };
		5B6C13D21B026951009617A8 /* UIStoryboard+Additions.swift in Sources */ = {isa = PBXBuildFile; fileRef = 5B6C13D11B026951009617A8 /* UIStoryboard+Additions.swift */; };
		5B6C14281B0548A0009617A8 /* TimelineCollectionViewDelegate.swift in Sources */ = {isa = PBXBuildFile; fileRef = 5B6C14271B0548A0009617A8 /* TimelineCollectionViewDelegate.swift */; };
		5B6C142B1B094B78009617A8 /* TimelineCollectionViewCell.swift in Sources */ = {isa = PBXBuildFile; fileRef = 5B6C14291B094B78009617A8 /* TimelineCollectionViewCell.swift */; };
		5B6C142C1B094B78009617A8 /* TimelineCollectionViewCell.xib in Resources */ = {isa = PBXBuildFile; fileRef = 5B6C142A1B094B78009617A8 /* TimelineCollectionViewCell.xib */; };
		5B6C142E1B09842C009617A8 /* TapScrollView.swift in Sources */ = {isa = PBXBuildFile; fileRef = 5B6C142D1B09842C009617A8 /* TapScrollView.swift */; };
		5B6D9A281B28AE6A00AA662A /* TimeSetterTransitionAnimator.swift in Sources */ = {isa = PBXBuildFile; fileRef = 5B6D9A271B28AE6A00AA662A /* TimeSetterTransitionAnimator.swift */; };
		5B74FC8C1ADD74A100902484 /* AlarmOptionSettingsController.swift in Sources */ = {isa = PBXBuildFile; fileRef = 5B74FC8B1ADD74A100902484 /* AlarmOptionSettingsController.swift */; };
		5BD0AF0B1B2A05C80018A4C6 /* AlarmPreviewViewController.swift in Sources */ = {isa = PBXBuildFile; fileRef = 5BD0AF0A1B2A05C80018A4C6 /* AlarmPreviewViewController.swift */; };
		5BD0AF0D1B2B5CE70018A4C6 /* UILabel+Additions.swift in Sources */ = {isa = PBXBuildFile; fileRef = 5BD0AF0C1B2B5CE70018A4C6 /* UILabel+Additions.swift */; };
		5BD0AF111B2CE7A20018A4C6 /* TimeDisplayProvider.swift in Sources */ = {isa = PBXBuildFile; fileRef = 5BD0AF101B2CE7A20018A4C6 /* TimeDisplayProvider.swift */; };
		5BD375431B0CF854000D380C /* TimelineCellAlarmViewModel.swift in Sources */ = {isa = PBXBuildFile; fileRef = 5BD375421B0CF854000D380C /* TimelineCellAlarmViewModel.swift */; };
		5BDC54951B405F460060DDFA /* AlarmDetailViewController.swift in Sources */ = {isa = PBXBuildFile; fileRef = 5BDC54941B405F460060DDFA /* AlarmDetailViewController.swift */; };
		5BEDA3641B27782E0000983F /* String+Additions.swift in Sources */ = {isa = PBXBuildFile; fileRef = 5BEDA3631B27782E0000983F /* String+Additions.swift */; };
		5BEDA3721B277BBC0000983F /* InfiniteTimelineScrollingViewController.swift in Sources */ = {isa = PBXBuildFile; fileRef = 5BEDA36E1B277BBC0000983F /* InfiniteTimelineScrollingViewController.swift */; };
		5BEDA3731B277BBC0000983F /* InfiniteTimelineScrollView.swift in Sources */ = {isa = PBXBuildFile; fileRef = 5BEDA36F1B277BBC0000983F /* InfiniteTimelineScrollView.swift */; };
		5BEDA3741B277BBC0000983F /* TimelineView.swift in Sources */ = {isa = PBXBuildFile; fileRef = 5BEDA3701B277BBC0000983F /* TimelineView.swift */; };
		5BEDA3751B277BBC0000983F /* TimeSetterViewController.swift in Sources */ = {isa = PBXBuildFile; fileRef = 5BEDA3711B277BBC0000983F /* TimeSetterViewController.swift */; };
		5BF33BB11B482F1A007A2C86 /* TimeView.swift in Sources */ = {isa = PBXBuildFile; fileRef = 5BF33BB01B482F1A007A2C86 /* TimeView.swift */; };
		8E3B22611AD9E85F001693E2 /* TimelineDataSource.swift in Sources */ = {isa = PBXBuildFile; fileRef = 8E3B22601AD9E85F001693E2 /* TimelineDataSource.swift */; };
		8E3BDC341AE4176300E1FCDC /* AlarmOption.swift in Sources */ = {isa = PBXBuildFile; fileRef = 8E3BDC331AE4176300E1FCDC /* AlarmOption.swift */; };
		8E3BDC361AE4176E00E1FCDC /* UIImage+Additions.swift in Sources */ = {isa = PBXBuildFile; fileRef = 8E3BDC351AE4176E00E1FCDC /* UIImage+Additions.swift */; };
		8E3BDC3B1AE430F400E1FCDC /* SnoozeOptionDelegateDataSource.swift in Sources */ = {isa = PBXBuildFile; fileRef = 8E3BDC3A1AE430F400E1FCDC /* SnoozeOptionDelegateDataSource.swift */; };
		8E4511F01ADCF00B00A3E8EC /* UIColor+Additions.swift in Sources */ = {isa = PBXBuildFile; fileRef = 8E4511EF1ADCF00B00A3E8EC /* UIColor+Additions.swift */; };
		8E5BD3271ADB930400C42FAA /* AlarmOptionButton.swift in Sources */ = {isa = PBXBuildFile; fileRef = 8E5BD3261ADB930400C42FAA /* AlarmOptionButton.swift */; };
		8E6094F11B08584A007F8D24 /* TimelineHeaderView.swift in Sources */ = {isa = PBXBuildFile; fileRef = 8E6094F01B08584A007F8D24 /* TimelineHeaderView.swift */; };
		8E6094F31B08585E007F8D24 /* TimelineHeaderView.xib in Resources */ = {isa = PBXBuildFile; fileRef = 8E6094F21B08585E007F8D24 /* TimelineHeaderView.xib */; };
		8E8228E21ADB679A00F9A26E /* UINavigationBar+Additions.swift in Sources */ = {isa = PBXBuildFile; fileRef = 8E8228E11ADB679A00F9A26E /* UINavigationBar+Additions.swift */; };
		8E8228E61ADB821C00F9A26E /* AlarmConfigurationController.swift in Sources */ = {isa = PBXBuildFile; fileRef = 8E8228E51ADB821C00F9A26E /* AlarmConfigurationController.swift */; };
		8E8228E81ADB8AA900F9A26E /* AlarmOptionsViewController.swift in Sources */ = {isa = PBXBuildFile; fileRef = 8E8228E71ADB8AA900F9A26E /* AlarmOptionsViewController.swift */; };
		8EFACDB81AD837EE00279956 /* AppDelegate.swift in Sources */ = {isa = PBXBuildFile; fileRef = 8EFACDB71AD837EE00279956 /* AppDelegate.swift */; };
		8EFACDBB1AD837EE00279956 /* Modularm.xcdatamodeld in Sources */ = {isa = PBXBuildFile; fileRef = 8EFACDB91AD837EE00279956 /* Modularm.xcdatamodeld */; };
		8EFACDC01AD837EE00279956 /* Main.storyboard in Resources */ = {isa = PBXBuildFile; fileRef = 8EFACDBE1AD837EE00279956 /* Main.storyboard */; };
		8EFACDC21AD837EE00279956 /* Images.xcassets in Resources */ = {isa = PBXBuildFile; fileRef = 8EFACDC11AD837EE00279956 /* Images.xcassets */; };
		8EFACDC51AD837EE00279956 /* LaunchScreen.xib in Resources */ = {isa = PBXBuildFile; fileRef = 8EFACDC31AD837EE00279956 /* LaunchScreen.xib */; };
		8EFACDD11AD837EE00279956 /* ModularmTests.swift in Sources */ = {isa = PBXBuildFile; fileRef = 8EFACDD01AD837EE00279956 /* ModularmTests.swift */; };
		8EFACDDD1AD8390F00279956 /* TimelineController.swift in Sources */ = {isa = PBXBuildFile; fileRef = 8EFACDDC1AD8390F00279956 /* TimelineController.swift */; };
		8EFACDE11AD83A1E00279956 /* CoreDataStack.swift in Sources */ = {isa = PBXBuildFile; fileRef = 8EFACDE01AD83A1E00279956 /* CoreDataStack.swift */; };
		F30823D91BBDC2D80030155D /* AlarmManager.swift in Sources */ = {isa = PBXBuildFile; fileRef = F30823D81BBDC2D80030155D /* AlarmManager.swift */; };
		F37CF32D1BC856E600938F50 /* TimeDisplayViewController.swift in Sources */ = {isa = PBXBuildFile; fileRef = F37CF32C1BC856E600938F50 /* TimeDisplayViewController.swift */; };
		F3C11E3F1BC599F60094CE71 /* SettingsViewController.swift in Sources */ = {isa = PBXBuildFile; fileRef = F3C11E3D1BC599F60094CE71 /* SettingsViewController.swift */; };
		F3C11E401BC599F60094CE71 /* SettingsViewController.xib in Resources */ = {isa = PBXBuildFile; fileRef = F3C11E3E1BC599F60094CE71 /* SettingsViewController.xib */; };
		F3C11E421BC5A51B0094CE71 /* SettingsTableViewDataSource.swift in Sources */ = {isa = PBXBuildFile; fileRef = F3C11E411BC5A51B0094CE71 /* SettingsTableViewDataSource.swift */; };
		F3C11E441BC5B7040094CE71 /* AppSettingsManager.swift in Sources */ = {isa = PBXBuildFile; fileRef = F3C11E431BC5B7040094CE71 /* AppSettingsManager.swift */; };
		F3E0ADE81BC6DD8200643B67 /* AnalogTimeView.swift in Sources */ = {isa = PBXBuildFile; fileRef = F3E0ADE71BC6DD8200643B67 /* AnalogTimeView.swift */; };
		F3E0ADEE1BC6DDAB00643B67 /* BEMAnalogClockView.m in Sources */ = {isa = PBXBuildFile; fileRef = F3E0ADEA1BC6DDAB00643B67 /* BEMAnalogClockView.m */; };
		F3E0ADEF1BC6DDAB00643B67 /* KSMHand.m in Sources */ = {isa = PBXBuildFile; fileRef = F3E0ADEC1BC6DDAB00643B67 /* KSMHand.m */; };
/* End PBXBuildFile section */

/* Begin PBXContainerItemProxy section */
		8EFACDCB1AD837EE00279956 /* PBXContainerItemProxy */ = {
			isa = PBXContainerItemProxy;
			containerPortal = 8EFACDAA1AD837EE00279956 /* Project object */;
			proxyType = 1;
			remoteGlobalIDString = 8EFACDB11AD837EE00279956;
			remoteInfo = Modularm;
		};
/* End PBXContainerItemProxy section */

/* Begin PBXFileReference section */
		1F1511AC1BF1CF0C0010AB1C /* WeatherSupport.swift */ = {isa = PBXFileReference; fileEncoding = 4; lastKnownFileType = sourcecode.swift; path = WeatherSupport.swift; sourceTree = "<group>"; };
		1F1511AE1BF1D4AE0010AB1C /* ForecastAPI.swift */ = {isa = PBXFileReference; fileEncoding = 4; lastKnownFileType = sourcecode.swift; path = ForecastAPI.swift; sourceTree = "<group>"; };
		1F1511B01BF1DC700010AB1C /* LocationManager.swift */ = {isa = PBXFileReference; fileEncoding = 4; lastKnownFileType = sourcecode.swift; path = LocationManager.swift; sourceTree = "<group>"; };
		1F1511B21BF1E4A70010AB1C /* CoreLocation.framework */ = {isa = PBXFileReference; lastKnownFileType = wrapper.framework; name = CoreLocation.framework; path = System/Library/Frameworks/CoreLocation.framework; sourceTree = SDKROOT; };
		1F2CB4FC1BF03CF900589BF2 /* PickedAlarmMusic.swift */ = {isa = PBXFileReference; fileEncoding = 4; lastKnownFileType = sourcecode.swift; path = PickedAlarmMusic.swift; sourceTree = "<group>"; };
		1F2CB4FE1BF03CF900589BF2 /* IPodLibraryMusicPicker.swift */ = {isa = PBXFileReference; fileEncoding = 4; lastKnownFileType = sourcecode.swift; path = IPodLibraryMusicPicker.swift; sourceTree = "<group>"; };
		1F2CB5001BF03CF900589BF2 /* SpotifyConstants.swift */ = {isa = PBXFileReference; fileEncoding = 4; lastKnownFileType = sourcecode.swift; path = SpotifyConstants.swift; sourceTree = "<group>"; };
		1F2CB5011BF03CF900589BF2 /* SpotifyLoginHelper.swift */ = {isa = PBXFileReference; fileEncoding = 4; lastKnownFileType = sourcecode.swift; path = SpotifyLoginHelper.swift; sourceTree = "<group>"; };
		1F2CB5021BF03CF900589BF2 /* SpotifyMusicPicker.swift */ = {isa = PBXFileReference; fileEncoding = 4; lastKnownFileType = sourcecode.swift; path = SpotifyMusicPicker.swift; sourceTree = "<group>"; };
		1F2CB5031BF03CF900589BF2 /* SpotifyMusicPickerVC.swift */ = {isa = PBXFileReference; fileEncoding = 4; lastKnownFileType = sourcecode.swift; path = SpotifyMusicPickerVC.swift; sourceTree = "<group>"; };
		1F2CB5041BF03CF900589BF2 /* SpotifyPickerUI.storyboard */ = {isa = PBXFileReference; fileEncoding = 4; lastKnownFileType = file.storyboard; path = SpotifyPickerUI.storyboard; sourceTree = "<group>"; };
		1F2CB5061BF03CF900589BF2 /* SpotifySessionManager.swift */ = {isa = PBXFileReference; fileEncoding = 4; lastKnownFileType = sourcecode.swift; path = SpotifySessionManager.swift; sourceTree = "<group>"; };
		1F2CB5071BF03CF900589BF2 /* SpotifyTokenRefreher.swift */ = {isa = PBXFileReference; fileEncoding = 4; lastKnownFileType = sourcecode.swift; path = SpotifyTokenRefreher.swift; sourceTree = "<group>"; };
		1F2CB5081BF03CF900589BF2 /* SpotifyTrackListVC.swift */ = {isa = PBXFileReference; fileEncoding = 4; lastKnownFileType = sourcecode.swift; path = SpotifyTrackListVC.swift; sourceTree = "<group>"; };
		1F3D74B81BF32DDD0087FC23 /* PAlarm.swift */ = {isa = PBXFileReference; fileEncoding = 4; lastKnownFileType = sourcecode.swift; path = PAlarm.swift; sourceTree = "<group>"; };
		1F3D74BA1BF3338F0087FC23 /* AlarmEngine.swift */ = {isa = PBXFileReference; fileEncoding = 4; lastKnownFileType = sourcecode.swift; path = AlarmEngine.swift; sourceTree = "<group>"; };
		1F552A291BEBEA9200E7CAD6 /* SwiftHTTPServer.framework */ = {isa = PBXFileReference; lastKnownFileType = wrapper.framework; name = SwiftHTTPServer.framework; path = Carthage/Build/iOS/SwiftHTTPServer.framework; sourceTree = "<group>"; };
		1F552A2C1BEBED1700E7CAD6 /* Cartfile */ = {isa = PBXFileReference; fileEncoding = 4; lastKnownFileType = text; path = Cartfile; sourceTree = "<group>"; };
		1F552A2D1BEBED1700E7CAD6 /* Cartfile.resolved */ = {isa = PBXFileReference; fileEncoding = 4; lastKnownFileType = text; path = Cartfile.resolved; sourceTree = "<group>"; };
		1F552A301BEBEEB300E7CAD6 /* README.md */ = {isa = PBXFileReference; fileEncoding = 4; lastKnownFileType = net.daringfireball.markdown; path = README.md; sourceTree = "<group>"; };
		1F851C2A1BF367D500D06383 /* NSDateExtension.swift */ = {isa = PBXFileReference; fileEncoding = 4; lastKnownFileType = sourcecode.swift; path = NSDateExtension.swift; sourceTree = "<group>"; };
		1F851C2C1BF367F400D06383 /* AppDelegateExtension.swift */ = {isa = PBXFileReference; fileEncoding = 4; lastKnownFileType = sourcecode.swift; path = AppDelegateExtension.swift; sourceTree = "<group>"; };
		1F851C2E1BF3686D00D06383 /* AlarmConstants.swift */ = {isa = PBXFileReference; fileEncoding = 4; lastKnownFileType = sourcecode.swift; path = AlarmConstants.swift; sourceTree = "<group>"; };
		1F851C301BF36B3F00D06383 /* PAlarmExtension.swift */ = {isa = PBXFileReference; fileEncoding = 4; lastKnownFileType = sourcecode.swift; path = PAlarmExtension.swift; sourceTree = "<group>"; };
		1F851C331BF3747700D06383 /* AlarmSound.caf */ = {isa = PBXFileReference; lastKnownFileType = file; path = AlarmSound.caf; sourceTree = "<group>"; };
		1F851C341BF3747700D06383 /* ElectroAlarmPrint.caf */ = {isa = PBXFileReference; lastKnownFileType = file; path = ElectroAlarmPrint.caf; sourceTree = "<group>"; };
		1F851C351BF3747700D06383 /* HappyDay.caf */ = {isa = PBXFileReference; lastKnownFileType = file; path = HappyDay.caf; sourceTree = "<group>"; };
		1F851C361BF3747700D06383 /* HipHopAlarm.caf */ = {isa = PBXFileReference; lastKnownFileType = file; path = HipHopAlarm.caf; sourceTree = "<group>"; };
		1F851C371BF3747700D06383 /* HurryUpWakeUp.caf */ = {isa = PBXFileReference; lastKnownFileType = file; path = HurryUpWakeUp.caf; sourceTree = "<group>"; };
		1F851C381BF3747700D06383 /* SimpleAlarm.caf */ = {isa = PBXFileReference; lastKnownFileType = file; path = SimpleAlarm.caf; sourceTree = "<group>"; };
		1F851C3F1BF3749700D06383 /* AlarmSoundStore.swift */ = {isa = PBXFileReference; fileEncoding = 4; lastKnownFileType = sourcecode.swift; path = AlarmSoundStore.swift; sourceTree = "<group>"; };
		1F8815BA1BF20ED400B737FD /* GCDUtil.swift */ = {isa = PBXFileReference; fileEncoding = 4; lastKnownFileType = sourcecode.swift; path = GCDUtil.swift; sourceTree = "<group>"; };
		1F8815BC1BF21BB300B737FD /* SwiftyJSON.framework */ = {isa = PBXFileReference; lastKnownFileType = wrapper.framework; name = SwiftyJSON.framework; path = Carthage/Build/iOS/SwiftyJSON.framework; sourceTree = "<group>"; };
		1F8815BE1BF24CF700B737FD /* WeatherImages.xcassets */ = {isa = PBXFileReference; lastKnownFileType = folder.assetcatalog; path = WeatherImages.xcassets; sourceTree = "<group>"; };
		1F9955F81BEBCC760068C776 /* Spotify.framework */ = {isa = PBXFileReference; lastKnownFileType = wrapper.framework; name = Spotify.framework; path = "ios-sdk/Spotify.framework"; sourceTree = "<group>"; };
		1F9955FA1BEBCC8C0068C776 /* AVFoundation.framework */ = {isa = PBXFileReference; lastKnownFileType = wrapper.framework; name = AVFoundation.framework; path = System/Library/Frameworks/AVFoundation.framework; sourceTree = SDKROOT; };
		1FD229771BF0D539006BFFA5 /* spotify.xcassets */ = {isa = PBXFileReference; lastKnownFileType = folder.assetcatalog; path = spotify.xcassets; sourceTree = "<group>"; };
		1FD229791BF0F0F9006BFFA5 /* MusicPlayerImpl.swift */ = {isa = PBXFileReference; fileEncoding = 4; lastKnownFileType = sourcecode.swift; path = MusicPlayerImpl.swift; sourceTree = "<group>"; };
		1FD973C31BEF420100C6DE38 /* MediaPlayer.framework */ = {isa = PBXFileReference; lastKnownFileType = wrapper.framework; name = MediaPlayer.framework; path = System/Library/Frameworks/MediaPlayer.framework; sourceTree = SDKROOT; };
		1FDE6C591BF1CAA20044A639 /* MusicSupport.swift */ = {isa = PBXFileReference; fileEncoding = 4; lastKnownFileType = sourcecode.swift; path = MusicSupport.swift; sourceTree = "<group>"; };
		1FF8761A1BF047E00030B6C7 /* SpotifyPlaylistListVC.swift */ = {isa = PBXFileReference; fileEncoding = 4; lastKnownFileType = sourcecode.swift; path = SpotifyPlaylistListVC.swift; sourceTree = "<group>"; };
		1FFF4D7B1BF08C1B00D32526 /* WebImage.framework */ = {isa = PBXFileReference; lastKnownFileType = wrapper.framework; name = WebImage.framework; path = Carthage/Build/iOS/WebImage.framework; sourceTree = "<group>"; };
		5B1997A91AE5765800D1522C /* WeatherOptionDelegateDataSource.swift */ = {isa = PBXFileReference; fileEncoding = 4; lastKnownFileType = sourcecode.swift; name = WeatherOptionDelegateDataSource.swift; path = Modularm/WeatherOptionDelegateDataSource.swift; sourceTree = "<group>"; };
		5B1997AB1AE5B42700D1522C /* SoundOptionDelegateDataSource.swift */ = {isa = PBXFileReference; fileEncoding = 4; lastKnownFileType = sourcecode.swift; name = SoundOptionDelegateDataSource.swift; path = Modularm/SoundOptionDelegateDataSource.swift; sourceTree = "<group>"; };
		5B1997AD1AE5B58000D1522C /* DateOptionDelegateDataSource.swift */ = {isa = PBXFileReference; fileEncoding = 4; lastKnownFileType = sourcecode.swift; name = DateOptionDelegateDataSource.swift; path = Modularm/DateOptionDelegateDataSource.swift; sourceTree = "<group>"; };
		5B1997AF1AE5B64A00D1522C /* MusicOptionDelegateDataSource.swift */ = {isa = PBXFileReference; fileEncoding = 4; lastKnownFileType = sourcecode.swift; name = MusicOptionDelegateDataSource.swift; path = Modularm/MusicOptionDelegateDataSource.swift; sourceTree = "<group>"; };
		5B1997B21AE5B98600D1522C /* RepeatOptionDelegateDataSource.swift */ = {isa = PBXFileReference; fileEncoding = 4; lastKnownFileType = sourcecode.swift; name = RepeatOptionDelegateDataSource.swift; path = Modularm/RepeatOptionDelegateDataSource.swift; sourceTree = "<group>"; };
		5B1997B61AE5F79C00D1522C /* AlarmMessageSettingsController.swift */ = {isa = PBXFileReference; fileEncoding = 4; lastKnownFileType = sourcecode.swift; path = AlarmMessageSettingsController.swift; sourceTree = "<group>"; };
		5B22182E1AE60A0700D56D31 /* AlarmOptionDelegateDataSource.swift */ = {isa = PBXFileReference; fileEncoding = 4; lastKnownFileType = sourcecode.swift; name = AlarmOptionDelegateDataSource.swift; path = Modularm/AlarmOptionDelegateDataSource.swift; sourceTree = "<group>"; };
		5B2218301AE60A2400D56D31 /* UIButton+Additions.swift */ = {isa = PBXFileReference; fileEncoding = 4; lastKnownFileType = sourcecode.swift; name = "UIButton+Additions.swift"; path = "Modularm/UIButton+Additions.swift"; sourceTree = "<group>"; };
		5B49D74E1B4378E700896878 /* DigitalTimeView.swift */ = {isa = PBXFileReference; fileEncoding = 4; lastKnownFileType = sourcecode.swift; name = DigitalTimeView.swift; path = Modularm/DigitalTimeView.swift; sourceTree = "<group>"; };
		5B4C10AA1B60A812006709B7 /* UIBarButtonItem+Additions.swift */ = {isa = PBXFileReference; fileEncoding = 4; lastKnownFileType = sourcecode.swift; name = "UIBarButtonItem+Additions.swift"; path = "Modularm/UIBarButtonItem+Additions.swift"; sourceTree = "<group>"; };
		5B6C12591AFF2841009617A8 /* Alarm.swift */ = {isa = PBXFileReference; fileEncoding = 4; lastKnownFileType = sourcecode.swift; name = Alarm.swift; path = Modularm/Alarm.swift; sourceTree = "<group>"; };
		5B6C125A1AFF2841009617A8 /* Countdown.swift */ = {isa = PBXFileReference; fileEncoding = 4; lastKnownFileType = sourcecode.swift; name = Countdown.swift; path = Modularm/Countdown.swift; sourceTree = "<group>"; };
		5B6C125B1AFF2841009617A8 /* Date.swift */ = {isa = PBXFileReference; fileEncoding = 4; lastKnownFileType = sourcecode.swift; name = Date.swift; path = Modularm/Date.swift; sourceTree = "<group>"; };
		5B6C125C1AFF2841009617A8 /* Message.swift */ = {isa = PBXFileReference; fileEncoding = 4; lastKnownFileType = sourcecode.swift; name = Message.swift; path = Modularm/Message.swift; sourceTree = "<group>"; };
		5B6C125D1AFF2841009617A8 /* Repeat.swift */ = {isa = PBXFileReference; fileEncoding = 4; lastKnownFileType = sourcecode.swift; name = Repeat.swift; path = Modularm/Repeat.swift; sourceTree = "<group>"; };
		5B6C125E1AFF2841009617A8 /* Snooze.swift */ = {isa = PBXFileReference; fileEncoding = 4; lastKnownFileType = sourcecode.swift; name = Snooze.swift; path = Modularm/Snooze.swift; sourceTree = "<group>"; };
		5B6C125F1AFF2841009617A8 /* Sound.swift */ = {isa = PBXFileReference; fileEncoding = 4; lastKnownFileType = sourcecode.swift; name = Sound.swift; path = Modularm/Sound.swift; sourceTree = "<group>"; };
		5B6C12601AFF2841009617A8 /* Weather.swift */ = {isa = PBXFileReference; fileEncoding = 4; lastKnownFileType = sourcecode.swift; name = Weather.swift; path = Modularm/Weather.swift; sourceTree = "<group>"; };
		5B6C12691AFF2860009617A8 /* NSAttributedString+Additions.swift */ = {isa = PBXFileReference; fileEncoding = 4; lastKnownFileType = sourcecode.swift; name = "NSAttributedString+Additions.swift"; path = "Modularm/NSAttributedString+Additions.swift"; sourceTree = "<group>"; };
		5B6C126D1AFFB152009617A8 /* OptionSettingsControllerBase.swift */ = {isa = PBXFileReference; fileEncoding = 4; lastKnownFileType = sourcecode.swift; name = OptionSettingsControllerBase.swift; path = Modularm/OptionSettingsControllerBase.swift; sourceTree = "<group>"; };
		5B6C126F1AFFB875009617A8 /* AlarmOptionDelegateDataSourceBuilder.swift */ = {isa = PBXFileReference; fileEncoding = 4; lastKnownFileType = sourcecode.swift; name = AlarmOptionDelegateDataSourceBuilder.swift; path = Modularm/AlarmOptionDelegateDataSourceBuilder.swift; sourceTree = "<group>"; };
		5B6C136B1B019D02009617A8 /* NSCalendar+Additions.swift */ = {isa = PBXFileReference; fileEncoding = 4; lastKnownFileType = sourcecode.swift; name = "NSCalendar+Additions.swift"; path = "Modularm/NSCalendar+Additions.swift"; sourceTree = "<group>"; };
		5B6C13D11B026951009617A8 /* UIStoryboard+Additions.swift */ = {isa = PBXFileReference; fileEncoding = 4; lastKnownFileType = sourcecode.swift; name = "UIStoryboard+Additions.swift"; path = "Modularm/UIStoryboard+Additions.swift"; sourceTree = "<group>"; };
		5B6C14271B0548A0009617A8 /* TimelineCollectionViewDelegate.swift */ = {isa = PBXFileReference; fileEncoding = 4; lastKnownFileType = sourcecode.swift; name = TimelineCollectionViewDelegate.swift; path = Modularm/TimelineCollectionViewDelegate.swift; sourceTree = "<group>"; };
		5B6C14291B094B78009617A8 /* TimelineCollectionViewCell.swift */ = {isa = PBXFileReference; fileEncoding = 4; lastKnownFileType = sourcecode.swift; name = TimelineCollectionViewCell.swift; path = Modularm/TimelineCollectionViewCell.swift; sourceTree = "<group>"; };
		5B6C142A1B094B78009617A8 /* TimelineCollectionViewCell.xib */ = {isa = PBXFileReference; fileEncoding = 4; lastKnownFileType = file.xib; name = TimelineCollectionViewCell.xib; path = Modularm/TimelineCollectionViewCell.xib; sourceTree = "<group>"; };
		5B6C142D1B09842C009617A8 /* TapScrollView.swift */ = {isa = PBXFileReference; fileEncoding = 4; lastKnownFileType = sourcecode.swift; name = TapScrollView.swift; path = Modularm/TapScrollView.swift; sourceTree = "<group>"; };
		5B6D9A271B28AE6A00AA662A /* TimeSetterTransitionAnimator.swift */ = {isa = PBXFileReference; fileEncoding = 4; lastKnownFileType = sourcecode.swift; name = TimeSetterTransitionAnimator.swift; path = Modularm/TimeSetterTransitionAnimator.swift; sourceTree = "<group>"; };
		5B74FC8B1ADD74A100902484 /* AlarmOptionSettingsController.swift */ = {isa = PBXFileReference; fileEncoding = 4; lastKnownFileType = sourcecode.swift; name = AlarmOptionSettingsController.swift; path = Modularm/AlarmOptionSettingsController.swift; sourceTree = "<group>"; };
		5BD0AF0A1B2A05C80018A4C6 /* AlarmPreviewViewController.swift */ = {isa = PBXFileReference; fileEncoding = 4; lastKnownFileType = sourcecode.swift; path = AlarmPreviewViewController.swift; sourceTree = "<group>"; };
		5BD0AF0C1B2B5CE70018A4C6 /* UILabel+Additions.swift */ = {isa = PBXFileReference; fileEncoding = 4; lastKnownFileType = sourcecode.swift; name = "UILabel+Additions.swift"; path = "Modularm/UILabel+Additions.swift"; sourceTree = "<group>"; };
		5BD0AF101B2CE7A20018A4C6 /* TimeDisplayProvider.swift */ = {isa = PBXFileReference; fileEncoding = 4; lastKnownFileType = sourcecode.swift; name = TimeDisplayProvider.swift; path = Modularm/TimeDisplayProvider.swift; sourceTree = "<group>"; };
		5BD375421B0CF854000D380C /* TimelineCellAlarmViewModel.swift */ = {isa = PBXFileReference; fileEncoding = 4; lastKnownFileType = sourcecode.swift; name = TimelineCellAlarmViewModel.swift; path = Modularm/TimelineCellAlarmViewModel.swift; sourceTree = "<group>"; };
		5BDC54941B405F460060DDFA /* AlarmDetailViewController.swift */ = {isa = PBXFileReference; fileEncoding = 4; lastKnownFileType = sourcecode.swift; name = AlarmDetailViewController.swift; path = Modularm/AlarmDetailViewController.swift; sourceTree = "<group>"; };
		5BEDA3631B27782E0000983F /* String+Additions.swift */ = {isa = PBXFileReference; fileEncoding = 4; lastKnownFileType = sourcecode.swift; name = "String+Additions.swift"; path = "Modularm/String+Additions.swift"; sourceTree = "<group>"; };
		5BEDA36E1B277BBC0000983F /* InfiniteTimelineScrollingViewController.swift */ = {isa = PBXFileReference; fileEncoding = 4; lastKnownFileType = sourcecode.swift; name = InfiniteTimelineScrollingViewController.swift; path = Modularm/InfiniteTimelineScrollingViewController.swift; sourceTree = "<group>"; };
		5BEDA36F1B277BBC0000983F /* InfiniteTimelineScrollView.swift */ = {isa = PBXFileReference; fileEncoding = 4; lastKnownFileType = sourcecode.swift; name = InfiniteTimelineScrollView.swift; path = Modularm/InfiniteTimelineScrollView.swift; sourceTree = "<group>"; };
		5BEDA3701B277BBC0000983F /* TimelineView.swift */ = {isa = PBXFileReference; fileEncoding = 4; lastKnownFileType = sourcecode.swift; name = TimelineView.swift; path = Modularm/TimelineView.swift; sourceTree = "<group>"; };
		5BEDA3711B277BBC0000983F /* TimeSetterViewController.swift */ = {isa = PBXFileReference; fileEncoding = 4; lastKnownFileType = sourcecode.swift; name = TimeSetterViewController.swift; path = Modularm/TimeSetterViewController.swift; sourceTree = "<group>"; };
		5BF33BB01B482F1A007A2C86 /* TimeView.swift */ = {isa = PBXFileReference; fileEncoding = 4; lastKnownFileType = sourcecode.swift; name = TimeView.swift; path = Modularm/TimeView.swift; sourceTree = "<group>"; };
		8E3B22601AD9E85F001693E2 /* TimelineDataSource.swift */ = {isa = PBXFileReference; fileEncoding = 4; lastKnownFileType = sourcecode.swift; name = TimelineDataSource.swift; path = Modularm/TimelineDataSource.swift; sourceTree = "<group>"; };
		8E3BDC331AE4176300E1FCDC /* AlarmOption.swift */ = {isa = PBXFileReference; fileEncoding = 4; lastKnownFileType = sourcecode.swift; name = AlarmOption.swift; path = Modularm/AlarmOption.swift; sourceTree = "<group>"; };
		8E3BDC351AE4176E00E1FCDC /* UIImage+Additions.swift */ = {isa = PBXFileReference; fileEncoding = 4; lastKnownFileType = sourcecode.swift; name = "UIImage+Additions.swift"; path = "Modularm/UIImage+Additions.swift"; sourceTree = "<group>"; };
		8E3BDC3A1AE430F400E1FCDC /* SnoozeOptionDelegateDataSource.swift */ = {isa = PBXFileReference; fileEncoding = 4; lastKnownFileType = sourcecode.swift; name = SnoozeOptionDelegateDataSource.swift; path = Modularm/SnoozeOptionDelegateDataSource.swift; sourceTree = "<group>"; };
		8E4511EF1ADCF00B00A3E8EC /* UIColor+Additions.swift */ = {isa = PBXFileReference; fileEncoding = 4; lastKnownFileType = sourcecode.swift; name = "UIColor+Additions.swift"; path = "Modularm/UIColor+Additions.swift"; sourceTree = "<group>"; };
		8E5BD3261ADB930400C42FAA /* AlarmOptionButton.swift */ = {isa = PBXFileReference; fileEncoding = 4; lastKnownFileType = sourcecode.swift; name = AlarmOptionButton.swift; path = Modularm/AlarmOptionButton.swift; sourceTree = "<group>"; };
		8E6094F01B08584A007F8D24 /* TimelineHeaderView.swift */ = {isa = PBXFileReference; fileEncoding = 4; lastKnownFileType = sourcecode.swift; name = TimelineHeaderView.swift; path = Modularm/TimelineHeaderView.swift; sourceTree = "<group>"; };
		8E6094F21B08585E007F8D24 /* TimelineHeaderView.xib */ = {isa = PBXFileReference; fileEncoding = 4; lastKnownFileType = file.xib; name = TimelineHeaderView.xib; path = Modularm/TimelineHeaderView.xib; sourceTree = "<group>"; };
		8E8228E11ADB679A00F9A26E /* UINavigationBar+Additions.swift */ = {isa = PBXFileReference; fileEncoding = 4; lastKnownFileType = sourcecode.swift; name = "UINavigationBar+Additions.swift"; path = "Modularm/UINavigationBar+Additions.swift"; sourceTree = "<group>"; };
		8E8228E51ADB821C00F9A26E /* AlarmConfigurationController.swift */ = {isa = PBXFileReference; fileEncoding = 4; lastKnownFileType = sourcecode.swift; path = AlarmConfigurationController.swift; sourceTree = "<group>"; };
		8E8228E71ADB8AA900F9A26E /* AlarmOptionsViewController.swift */ = {isa = PBXFileReference; fileEncoding = 4; lastKnownFileType = sourcecode.swift; name = AlarmOptionsViewController.swift; path = Modularm/AlarmOptionsViewController.swift; sourceTree = "<group>"; };
		8EFACDB21AD837EE00279956 /* Modularm.app */ = {isa = PBXFileReference; explicitFileType = wrapper.application; includeInIndex = 0; path = Modularm.app; sourceTree = BUILT_PRODUCTS_DIR; };
		8EFACDB61AD837EE00279956 /* Info.plist */ = {isa = PBXFileReference; lastKnownFileType = text.plist.xml; path = Info.plist; sourceTree = "<group>"; };
		8EFACDB71AD837EE00279956 /* AppDelegate.swift */ = {isa = PBXFileReference; lastKnownFileType = sourcecode.swift; name = AppDelegate.swift; path = Modularm/AppDelegate.swift; sourceTree = "<group>"; };
		8EFACDBA1AD837EE00279956 /* Modularm.xcdatamodel */ = {isa = PBXFileReference; lastKnownFileType = wrapper.xcdatamodel; path = Modularm.xcdatamodel; sourceTree = "<group>"; };
		8EFACDBF1AD837EE00279956 /* Base */ = {isa = PBXFileReference; lastKnownFileType = file.storyboard; name = Base; path = Base.lproj/Main.storyboard; sourceTree = "<group>"; };
		8EFACDC11AD837EE00279956 /* Images.xcassets */ = {isa = PBXFileReference; lastKnownFileType = folder.assetcatalog; name = Images.xcassets; path = Modularm/Images.xcassets; sourceTree = "<group>"; };
		8EFACDC41AD837EE00279956 /* Base */ = {isa = PBXFileReference; lastKnownFileType = file.xib; name = Base; path = Base.lproj/LaunchScreen.xib; sourceTree = "<group>"; };
		8EFACDCA1AD837EE00279956 /* ModularmTests.xctest */ = {isa = PBXFileReference; explicitFileType = wrapper.cfbundle; includeInIndex = 0; path = ModularmTests.xctest; sourceTree = BUILT_PRODUCTS_DIR; };
		8EFACDCF1AD837EE00279956 /* Info.plist */ = {isa = PBXFileReference; lastKnownFileType = text.plist.xml; path = Info.plist; sourceTree = "<group>"; };
		8EFACDD01AD837EE00279956 /* ModularmTests.swift */ = {isa = PBXFileReference; lastKnownFileType = sourcecode.swift; path = ModularmTests.swift; sourceTree = "<group>"; };
		8EFACDDC1AD8390F00279956 /* TimelineController.swift */ = {isa = PBXFileReference; fileEncoding = 4; lastKnownFileType = sourcecode.swift; name = TimelineController.swift; path = Modularm/TimelineController.swift; sourceTree = "<group>"; };
		8EFACDE01AD83A1E00279956 /* CoreDataStack.swift */ = {isa = PBXFileReference; fileEncoding = 4; lastKnownFileType = sourcecode.swift; name = CoreDataStack.swift; path = Modularm/CoreDataStack.swift; sourceTree = "<group>"; };
		F30823D81BBDC2D80030155D /* AlarmManager.swift */ = {isa = PBXFileReference; fileEncoding = 4; lastKnownFileType = sourcecode.swift; name = AlarmManager.swift; path = Modularm/AlarmManager.swift; sourceTree = "<group>"; };
		F37CF32C1BC856E600938F50 /* TimeDisplayViewController.swift */ = {isa = PBXFileReference; fileEncoding = 4; lastKnownFileType = sourcecode.swift; name = TimeDisplayViewController.swift; path = Modularm/TimeDisplayViewController.swift; sourceTree = "<group>"; };
		F3C11E3D1BC599F60094CE71 /* SettingsViewController.swift */ = {isa = PBXFileReference; fileEncoding = 4; lastKnownFileType = sourcecode.swift; name = SettingsViewController.swift; path = Modularm/SettingsViewController.swift; sourceTree = "<group>"; };
		F3C11E3E1BC599F60094CE71 /* SettingsViewController.xib */ = {isa = PBXFileReference; fileEncoding = 4; lastKnownFileType = file.xib; name = SettingsViewController.xib; path = Modularm/SettingsViewController.xib; sourceTree = "<group>"; };
		F3C11E411BC5A51B0094CE71 /* SettingsTableViewDataSource.swift */ = {isa = PBXFileReference; fileEncoding = 4; lastKnownFileType = sourcecode.swift; name = SettingsTableViewDataSource.swift; path = Modularm/SettingsTableViewDataSource.swift; sourceTree = "<group>"; };
		F3C11E431BC5B7040094CE71 /* AppSettingsManager.swift */ = {isa = PBXFileReference; fileEncoding = 4; lastKnownFileType = sourcecode.swift; name = AppSettingsManager.swift; path = Modularm/AppSettingsManager.swift; sourceTree = "<group>"; };
		F3E0ADE71BC6DD8200643B67 /* AnalogTimeView.swift */ = {isa = PBXFileReference; fileEncoding = 4; lastKnownFileType = sourcecode.swift; name = AnalogTimeView.swift; path = Modularm/AnalogTimeView.swift; sourceTree = "<group>"; };
		F3E0ADE91BC6DDAB00643B67 /* BEMAnalogClockView.h */ = {isa = PBXFileReference; fileEncoding = 4; lastKnownFileType = sourcecode.c.h; name = BEMAnalogClockView.h; path = Modularm/BEMAnalogClockView.h; sourceTree = "<group>"; };
		F3E0ADEA1BC6DDAB00643B67 /* BEMAnalogClockView.m */ = {isa = PBXFileReference; fileEncoding = 4; lastKnownFileType = sourcecode.c.objc; name = BEMAnalogClockView.m; path = Modularm/BEMAnalogClockView.m; sourceTree = "<group>"; };
		F3E0ADEB1BC6DDAB00643B67 /* KSMHand.h */ = {isa = PBXFileReference; fileEncoding = 4; lastKnownFileType = sourcecode.c.h; name = KSMHand.h; path = Modularm/KSMHand.h; sourceTree = "<group>"; };
		F3E0ADEC1BC6DDAB00643B67 /* KSMHand.m */ = {isa = PBXFileReference; fileEncoding = 4; lastKnownFileType = sourcecode.c.objc; name = KSMHand.m; path = Modularm/KSMHand.m; sourceTree = "<group>"; };
		F3E0ADF01BC6DE1400643B67 /* Modularm-Bridging-Header.h */ = {isa = PBXFileReference; lastKnownFileType = sourcecode.c.h; path = "Modularm-Bridging-Header.h"; sourceTree = "<group>"; };
/* End PBXFileReference section */

/* Begin PBXFrameworksBuildPhase section */
		8EFACDAF1AD837EE00279956 /* Frameworks */ = {
			isa = PBXFrameworksBuildPhase;
			buildActionMask = 2147483647;
			files = (
				1F8815BD1BF21BB300B737FD /* SwiftyJSON.framework in Frameworks */,
				1F1511B31BF1E4A70010AB1C /* CoreLocation.framework in Frameworks */,
				1FD973C41BEF420100C6DE38 /* MediaPlayer.framework in Frameworks */,
				1F9955FB1BEBCC8C0068C776 /* AVFoundation.framework in Frameworks */,
				1F9955F91BEBCC760068C776 /* Spotify.framework in Frameworks */,
				1F552A2A1BEBEA9200E7CAD6 /* SwiftHTTPServer.framework in Frameworks */,
				1FFF4D7C1BF08C1B00D32526 /* WebImage.framework in Frameworks */,
			);
			runOnlyForDeploymentPostprocessing = 0;
		};
		8EFACDC71AD837EE00279956 /* Frameworks */ = {
			isa = PBXFrameworksBuildPhase;
			buildActionMask = 2147483647;
			files = (
			);
			runOnlyForDeploymentPostprocessing = 0;
		};
/* End PBXFrameworksBuildPhase section */

/* Begin PBXGroup section */
		1F1511AB1BF1CE9F0010AB1C /* WeatherSupport */ = {
			isa = PBXGroup;
			children = (
				1F1511AC1BF1CF0C0010AB1C /* WeatherSupport.swift */,
				1F1511AE1BF1D4AE0010AB1C /* ForecastAPI.swift */,
				1F1511B01BF1DC700010AB1C /* LocationManager.swift */,
				1F8815BA1BF20ED400B737FD /* GCDUtil.swift */,
				1F8815BE1BF24CF700B737FD /* WeatherImages.xcassets */,
			);
			name = WeatherSupport;
			path = Modularm/WeatherSupport;
			sourceTree = "<group>";
		};
		1F2CB4FB1BF03CF900589BF2 /* MusicSupport */ = {
			isa = PBXGroup;
			children = (
				1FDE6C591BF1CAA20044A639 /* MusicSupport.swift */,
				1F2CB4FC1BF03CF900589BF2 /* PickedAlarmMusic.swift */,
				1F2CB4FE1BF03CF900589BF2 /* IPodLibraryMusicPicker.swift */,
				1F2CB5001BF03CF900589BF2 /* SpotifyConstants.swift */,
				1F2CB5011BF03CF900589BF2 /* SpotifyLoginHelper.swift */,
				1F2CB5021BF03CF900589BF2 /* SpotifyMusicPicker.swift */,
				1F2CB5031BF03CF900589BF2 /* SpotifyMusicPickerVC.swift */,
				1F2CB5041BF03CF900589BF2 /* SpotifyPickerUI.storyboard */,
				1F2CB5061BF03CF900589BF2 /* SpotifySessionManager.swift */,
				1F2CB5071BF03CF900589BF2 /* SpotifyTokenRefreher.swift */,
				1F2CB5081BF03CF900589BF2 /* SpotifyTrackListVC.swift */,
				1FF8761A1BF047E00030B6C7 /* SpotifyPlaylistListVC.swift */,
				1FD229771BF0D539006BFFA5 /* spotify.xcassets */,
				1FD229791BF0F0F9006BFFA5 /* MusicPlayerImpl.swift */,
			);
			name = MusicSupport;
			path = Modularm/MusicSupport;
			sourceTree = "<group>";
		};
		1F3D74B71BF32DD00087FC23 /* AlarmEngine */ = {
			isa = PBXGroup;
			children = (
				1F3D74B81BF32DDD0087FC23 /* PAlarm.swift */,
				1F851C2E1BF3686D00D06383 /* AlarmConstants.swift */,
				1F3D74BA1BF3338F0087FC23 /* AlarmEngine.swift */,
				1F851C2A1BF367D500D06383 /* NSDateExtension.swift */,
				1F851C301BF36B3F00D06383 /* PAlarmExtension.swift */,
				1F851C2C1BF367F400D06383 /* AppDelegateExtension.swift */,
			);
			name = AlarmEngine;
			path = Modularm/AlarmEngine;
			sourceTree = "<group>";
		};
		1F851C321BF3744700D06383 /* AlarmSound */ = {
			isa = PBXGroup;
			children = (
				1F851C331BF3747700D06383 /* AlarmSound.caf */,
				1F851C341BF3747700D06383 /* ElectroAlarmPrint.caf */,
				1F851C351BF3747700D06383 /* HappyDay.caf */,
				1F851C361BF3747700D06383 /* HipHopAlarm.caf */,
				1F851C371BF3747700D06383 /* HurryUpWakeUp.caf */,
				1F851C381BF3747700D06383 /* SimpleAlarm.caf */,
				1F851C3F1BF3749700D06383 /* AlarmSoundStore.swift */,
			);
			name = AlarmSound;
			path = Modularm/AlarmSound;
			sourceTree = "<group>";
		};
		1F9955F71BEBCC5E0068C776 /* ExternalFrameworks */ = {
			isa = PBXGroup;
			children = (
				1F8815BC1BF21BB300B737FD /* SwiftyJSON.framework */,
				1F1511B21BF1E4A70010AB1C /* CoreLocation.framework */,
				1FFF4D7B1BF08C1B00D32526 /* WebImage.framework */,
				1FD973C31BEF420100C6DE38 /* MediaPlayer.framework */,
				1F552A291BEBEA9200E7CAD6 /* SwiftHTTPServer.framework */,
				1F9955FA1BEBCC8C0068C776 /* AVFoundation.framework */,
				1F9955F81BEBCC760068C776 /* Spotify.framework */,
			);
			name = ExternalFrameworks;
			sourceTree = "<group>";
		};
		5B1997B11AE5B64E00D1522C /* Option Delegate Data Sources */ = {
			isa = PBXGroup;
			children = (
				5B6C126F1AFFB875009617A8 /* AlarmOptionDelegateDataSourceBuilder.swift */,
				5B22182E1AE60A0700D56D31 /* AlarmOptionDelegateDataSource.swift */,
				8E3BDC3A1AE430F400E1FCDC /* SnoozeOptionDelegateDataSource.swift */,
				5B1997A91AE5765800D1522C /* WeatherOptionDelegateDataSource.swift */,
				5B1997AB1AE5B42700D1522C /* SoundOptionDelegateDataSource.swift */,
				5B1997AD1AE5B58000D1522C /* DateOptionDelegateDataSource.swift */,
				5B1997AF1AE5B64A00D1522C /* MusicOptionDelegateDataSource.swift */,
				5B1997B21AE5B98600D1522C /* RepeatOptionDelegateDataSource.swift */,
			);
			name = "Option Delegate Data Sources";
			sourceTree = "<group>";
		};
		5B49D74C1B43782300896878 /* Timeline UI */ = {
			isa = PBXGroup;
			children = (
				5B6C14291B094B78009617A8 /* TimelineCollectionViewCell.swift */,
				5B6C142A1B094B78009617A8 /* TimelineCollectionViewCell.xib */,
				8E6094F01B08584A007F8D24 /* TimelineHeaderView.swift */,
				8E6094F21B08585E007F8D24 /* TimelineHeaderView.xib */,
				5B6C142D1B09842C009617A8 /* TapScrollView.swift */,
				5BD375421B0CF854000D380C /* TimelineCellAlarmViewModel.swift */,
			);
			name = "Timeline UI";
			sourceTree = "<group>";
		};
		5B49D74D1B43783B00896878 /* Alarm UI */ = {
			isa = PBXGroup;
			children = (
				5BF33BB01B482F1A007A2C86 /* TimeView.swift */,
				5BDC54941B405F460060DDFA /* AlarmDetailViewController.swift */,
				8E5BD3261ADB930400C42FAA /* AlarmOptionButton.swift */,
				5BD0AF101B2CE7A20018A4C6 /* TimeDisplayProvider.swift */,
				5B49D74E1B4378E700896878 /* DigitalTimeView.swift */,
				F3E0ADE71BC6DD8200643B67 /* AnalogTimeView.swift */,
				F37CF32C1BC856E600938F50 /* TimeDisplayViewController.swift */,
			);
			name = "Alarm UI";
			sourceTree = "<group>";
		};
		5B74FC8A1ADD72E000902484 /* UI */ = {
			isa = PBXGroup;
			children = (
				8EFACDBE1AD837EE00279956 /* Main.storyboard */,
				8EFACDC31AD837EE00279956 /* LaunchScreen.xib */,
			);
			name = UI;
			sourceTree = "<group>";
		};
		5B7EF4581AE85BDC00472976 /* Timeline */ = {
			isa = PBXGroup;
			children = (
				8EFACDDC1AD8390F00279956 /* TimelineController.swift */,
				8E3B22601AD9E85F001693E2 /* TimelineDataSource.swift */,
				5B6C14271B0548A0009617A8 /* TimelineCollectionViewDelegate.swift */,
			);
			name = Timeline;
			sourceTree = "<group>";
		};
		5BEDA3651B27799B0000983F /* Custom Time Setting */ = {
			isa = PBXGroup;
			children = (
				5B6D9A271B28AE6A00AA662A /* TimeSetterTransitionAnimator.swift */,
				5BEDA36E1B277BBC0000983F /* InfiniteTimelineScrollingViewController.swift */,
				5BEDA36F1B277BBC0000983F /* InfiniteTimelineScrollView.swift */,
				5BEDA3701B277BBC0000983F /* TimelineView.swift */,
				5BEDA3711B277BBC0000983F /* TimeSetterViewController.swift */,
			);
			name = "Custom Time Setting";
			sourceTree = "<group>";
		};
		8E3BDC371AE4308A00E1FCDC /* Alarm Options */ = {
			isa = PBXGroup;
			children = (
				5B1997B11AE5B64E00D1522C /* Option Delegate Data Sources */,
				8E8228E71ADB8AA900F9A26E /* AlarmOptionsViewController.swift */,
				5B74FC8B1ADD74A100902484 /* AlarmOptionSettingsController.swift */,
				5B6C126D1AFFB152009617A8 /* OptionSettingsControllerBase.swift */,
				8E3BDC331AE4176300E1FCDC /* AlarmOption.swift */,
			);
			name = "Alarm Options";
			sourceTree = "<group>";
		};
		8EC9B9C91ADB9C3A00DBF350 /* Class Extensions */ = {
			isa = PBXGroup;
			children = (
				5B4C10AA1B60A812006709B7 /* UIBarButtonItem+Additions.swift */,
				5BD0AF0C1B2B5CE70018A4C6 /* UILabel+Additions.swift */,
				5BEDA3631B27782E0000983F /* String+Additions.swift */,
				5B6C13D11B026951009617A8 /* UIStoryboard+Additions.swift */,
				5B6C12691AFF2860009617A8 /* NSAttributedString+Additions.swift */,
				8E4511EF1ADCF00B00A3E8EC /* UIColor+Additions.swift */,
				8E8228E11ADB679A00F9A26E /* UINavigationBar+Additions.swift */,
				8E3BDC351AE4176E00E1FCDC /* UIImage+Additions.swift */,
				5B2218301AE60A2400D56D31 /* UIButton+Additions.swift */,
				5B6C136B1B019D02009617A8 /* NSCalendar+Additions.swift */,
			);
			name = "Class Extensions";
			sourceTree = "<group>";
		};
		8EC9B9CA1ADB9C4B00DBF350 /* Model */ = {
			isa = PBXGroup;
			children = (
				5B6C12591AFF2841009617A8 /* Alarm.swift */,
				5B6C125A1AFF2841009617A8 /* Countdown.swift */,
				5B6C125B1AFF2841009617A8 /* Date.swift */,
				5B6C125C1AFF2841009617A8 /* Message.swift */,
				5B6C125D1AFF2841009617A8 /* Repeat.swift */,
				5B6C125E1AFF2841009617A8 /* Snooze.swift */,
				5B6C125F1AFF2841009617A8 /* Sound.swift */,
				5B6C12601AFF2841009617A8 /* Weather.swift */,
			);
			name = Model;
			sourceTree = "<group>";
		};
		8EC9B9CB1ADB9C5600DBF350 /* Core Data */ = {
			isa = PBXGroup;
			children = (
				F30823D81BBDC2D80030155D /* AlarmManager.swift */,
				8EFACDE01AD83A1E00279956 /* CoreDataStack.swift */,
				8EFACDB91AD837EE00279956 /* Modularm.xcdatamodeld */,
			);
			name = "Core Data";
			sourceTree = "<group>";
		};
		8EC9B9CC1ADB9C6800DBF350 /* Other */ = {
			isa = PBXGroup;
			children = (
				8EFACDB71AD837EE00279956 /* AppDelegate.swift */,
				8EFACDC11AD837EE00279956 /* Images.xcassets */,
			);
			name = Other;
			sourceTree = "<group>";
		};
		8EFACDA91AD837EE00279956 = {
			isa = PBXGroup;
			children = (
				1F9955F71BEBCC5E0068C776 /* ExternalFrameworks */,
				F3E0ADDF1BC6DB6900643B67 /* Analog Clock */,
				8EFACDB41AD837EE00279956 /* Alarm Configuration */,
				8E3BDC371AE4308A00E1FCDC /* Alarm Options */,
				5B49D74D1B43783B00896878 /* Alarm UI */,
				8EC9B9C91ADB9C3A00DBF350 /* Class Extensions */,
				8EC9B9CB1ADB9C5600DBF350 /* Core Data */,
				5BEDA3651B27799B0000983F /* Custom Time Setting */,
				8EC9B9CA1ADB9C4B00DBF350 /* Model */,
				8EFACDCD1AD837EE00279956 /* ModularmTests */,
				8EC9B9CC1ADB9C6800DBF350 /* Other */,
				8EFACDB31AD837EE00279956 /* Products */,
				F3C11E3C1BC599B00094CE71 /* Settings */,
				8EFACDB51AD837EE00279956 /* Supporting Files */,
				5B7EF4581AE85BDC00472976 /* Timeline */,
				5B49D74C1B43782300896878 /* Timeline UI */,
				5B74FC8A1ADD72E000902484 /* UI */,
				1F552A2C1BEBED1700E7CAD6 /* Cartfile */,
				1F552A2D1BEBED1700E7CAD6 /* Cartfile.resolved */,
				1F552A301BEBEEB300E7CAD6 /* README.md */,
				1F2CB4FB1BF03CF900589BF2 /* MusicSupport */,
				1F1511AB1BF1CE9F0010AB1C /* WeatherSupport */,
				1F3D74B71BF32DD00087FC23 /* AlarmEngine */,
				1F851C321BF3744700D06383 /* AlarmSound */,
			);
			sourceTree = "<group>";
		};
		8EFACDB31AD837EE00279956 /* Products */ = {
			isa = PBXGroup;
			children = (
				8EFACDB21AD837EE00279956 /* Modularm.app */,
				8EFACDCA1AD837EE00279956 /* ModularmTests.xctest */,
			);
			name = Products;
			sourceTree = "<group>";
		};
		8EFACDB41AD837EE00279956 /* Alarm Configuration */ = {
			isa = PBXGroup;
			children = (
				5B1997B61AE5F79C00D1522C /* AlarmMessageSettingsController.swift */,
				8E8228E51ADB821C00F9A26E /* AlarmConfigurationController.swift */,
				5BD0AF0A1B2A05C80018A4C6 /* AlarmPreviewViewController.swift */,
			);
			name = "Alarm Configuration";
			path = Modularm;
			sourceTree = "<group>";
		};
		8EFACDB51AD837EE00279956 /* Supporting Files */ = {
			isa = PBXGroup;
			children = (
				8EFACDB61AD837EE00279956 /* Info.plist */,
			);
			name = "Supporting Files";
			path = Modularm;
			sourceTree = "<group>";
		};
		8EFACDCD1AD837EE00279956 /* ModularmTests */ = {
			isa = PBXGroup;
			children = (
				8EFACDD01AD837EE00279956 /* ModularmTests.swift */,
				8EFACDCE1AD837EE00279956 /* Supporting Files */,
			);
			path = ModularmTests;
			sourceTree = "<group>";
		};
		8EFACDCE1AD837EE00279956 /* Supporting Files */ = {
			isa = PBXGroup;
			children = (
				8EFACDCF1AD837EE00279956 /* Info.plist */,
			);
			name = "Supporting Files";
			sourceTree = "<group>";
		};
		F3C11E3C1BC599B00094CE71 /* Settings */ = {
			isa = PBXGroup;
			children = (
				F3C11E3D1BC599F60094CE71 /* SettingsViewController.swift */,
				F3C11E3E1BC599F60094CE71 /* SettingsViewController.xib */,
				F3C11E411BC5A51B0094CE71 /* SettingsTableViewDataSource.swift */,
				F3C11E431BC5B7040094CE71 /* AppSettingsManager.swift */,
			);
			name = Settings;
			sourceTree = "<group>";
		};
		F3E0ADDF1BC6DB6900643B67 /* Analog Clock */ = {
			isa = PBXGroup;
			children = (
				F3E0ADE91BC6DDAB00643B67 /* BEMAnalogClockView.h */,
				F3E0ADEA1BC6DDAB00643B67 /* BEMAnalogClockView.m */,
				F3E0ADEB1BC6DDAB00643B67 /* KSMHand.h */,
				F3E0ADEC1BC6DDAB00643B67 /* KSMHand.m */,
				F3E0ADF01BC6DE1400643B67 /* Modularm-Bridging-Header.h */,
			);
			name = "Analog Clock";
			sourceTree = "<group>";
		};
/* End PBXGroup section */

/* Begin PBXNativeTarget section */
		8EFACDB11AD837EE00279956 /* Modularm */ = {
			isa = PBXNativeTarget;
			buildConfigurationList = 8EFACDD41AD837EE00279956 /* Build configuration list for PBXNativeTarget "Modularm" */;
			buildPhases = (
				8EFACDAE1AD837EE00279956 /* Sources */,
				8EFACDAF1AD837EE00279956 /* Frameworks */,
				8EFACDB01AD837EE00279956 /* Resources */,
				1F552A2B1BEBEA9C00E7CAD6 /* ShellScript */,
			);
			buildRules = (
			);
			dependencies = (
			);
			name = Modularm;
			productName = Modularm;
			productReference = 8EFACDB21AD837EE00279956 /* Modularm.app */;
			productType = "com.apple.product-type.application";
		};
		8EFACDC91AD837EE00279956 /* ModularmTests */ = {
			isa = PBXNativeTarget;
			buildConfigurationList = 8EFACDD71AD837EE00279956 /* Build configuration list for PBXNativeTarget "ModularmTests" */;
			buildPhases = (
				8EFACDC61AD837EE00279956 /* Sources */,
				8EFACDC71AD837EE00279956 /* Frameworks */,
				8EFACDC81AD837EE00279956 /* Resources */,
			);
			buildRules = (
			);
			dependencies = (
				8EFACDCC1AD837EE00279956 /* PBXTargetDependency */,
			);
			name = ModularmTests;
			productName = ModularmTests;
			productReference = 8EFACDCA1AD837EE00279956 /* ModularmTests.xctest */;
			productType = "com.apple.product-type.bundle.unit-test";
		};
/* End PBXNativeTarget section */

/* Begin PBXProject section */
		8EFACDAA1AD837EE00279956 /* Project object */ = {
			isa = PBXProject;
			attributes = {
				LastSwiftMigration = 0700;
				LastSwiftUpdateCheck = 0700;
				LastUpgradeCheck = 0700;
				ORGANIZATIONNAME = "Pure Virtual Studios, LLC";
				TargetAttributes = {
					8EFACDB11AD837EE00279956 = {
						CreatedOnToolsVersion = 6.3;
						DevelopmentTeam = 49BYD5B64K;
					};
					8EFACDC91AD837EE00279956 = {
						CreatedOnToolsVersion = 6.3;
						TestTargetID = 8EFACDB11AD837EE00279956;
					};
				};
			};
			buildConfigurationList = 8EFACDAD1AD837EE00279956 /* Build configuration list for PBXProject "Modularm" */;
			compatibilityVersion = "Xcode 3.2";
			developmentRegion = English;
			hasScannedForEncodings = 0;
			knownRegions = (
				en,
				Base,
			);
			mainGroup = 8EFACDA91AD837EE00279956;
			productRefGroup = 8EFACDB31AD837EE00279956 /* Products */;
			projectDirPath = "";
			projectRoot = "";
			targets = (
				8EFACDB11AD837EE00279956 /* Modularm */,
				8EFACDC91AD837EE00279956 /* ModularmTests */,
			);
		};
/* End PBXProject section */

/* Begin PBXResourcesBuildPhase section */
		8EFACDB01AD837EE00279956 /* Resources */ = {
			isa = PBXResourcesBuildPhase;
			buildActionMask = 2147483647;
			files = (
				8EFACDC01AD837EE00279956 /* Main.storyboard in Resources */,
				1F2CB5111BF03CF900589BF2 /* SpotifyPickerUI.storyboard in Resources */,
				1FD229781BF0D539006BFFA5 /* spotify.xcassets in Resources */,
				1F8815BF1BF24CF700B737FD /* WeatherImages.xcassets in Resources */,
				1F851C3E1BF3747E00D06383 /* SimpleAlarm.caf in Resources */,
				F3C11E401BC599F60094CE71 /* SettingsViewController.xib in Resources */,
				8EFACDC51AD837EE00279956 /* LaunchScreen.xib in Resources */,
				5B6C142C1B094B78009617A8 /* TimelineCollectionViewCell.xib in Resources */,
				8E6094F31B08585E007F8D24 /* TimelineHeaderView.xib in Resources */,
				1F851C3B1BF3747E00D06383 /* HappyDay.caf in Resources */,
				1F851C3D1BF3747E00D06383 /* HurryUpWakeUp.caf in Resources */,
				1F851C391BF3747E00D06383 /* AlarmSound.caf in Resources */,
				1F851C3A1BF3747E00D06383 /* ElectroAlarmPrint.caf in Resources */,
				1F851C3C1BF3747E00D06383 /* HipHopAlarm.caf in Resources */,
				8EFACDC21AD837EE00279956 /* Images.xcassets in Resources */,
			);
			runOnlyForDeploymentPostprocessing = 0;
		};
		8EFACDC81AD837EE00279956 /* Resources */ = {
			isa = PBXResourcesBuildPhase;
			buildActionMask = 2147483647;
			files = (
			);
			runOnlyForDeploymentPostprocessing = 0;
		};
/* End PBXResourcesBuildPhase section */

/* Begin PBXShellScriptBuildPhase section */
		1F552A2B1BEBEA9C00E7CAD6 /* ShellScript */ = {
			isa = PBXShellScriptBuildPhase;
			buildActionMask = 2147483647;
			files = (
			);
			inputPaths = (
				"$(SRCROOT)/Carthage/Build/iOS/SwiftHTTPServer.framework",
				"$(SRCROOT)/Carthage/Build/iOS/WebImage.framework",
				"$(SRCROOT)/Carthage/Build/iOS/SwiftyJSON.framework",
			);
			outputPaths = (
			);
			runOnlyForDeploymentPostprocessing = 0;
			shellPath = /bin/sh;
			shellScript = "/usr/local/bin/carthage copy-frameworks";
		};
/* End PBXShellScriptBuildPhase section */

/* Begin PBXSourcesBuildPhase section */
		8EFACDAE1AD837EE00279956 /* Sources */ = {
			isa = PBXSourcesBuildPhase;
			buildActionMask = 2147483647;
			files = (
				5B6C14281B0548A0009617A8 /* TimelineCollectionViewDelegate.swift in Sources */,
				1F851C311BF36B3F00D06383 /* PAlarmExtension.swift in Sources */,
				1F2CB5151BF03CF900589BF2 /* SpotifyTrackListVC.swift in Sources */,
				8E3BDC3B1AE430F400E1FCDC /* SnoozeOptionDelegateDataSource.swift in Sources */,
				1F1511B11BF1DC700010AB1C /* LocationManager.swift in Sources */,
				5B6C12671AFF2841009617A8 /* Sound.swift in Sources */,
				1F2CB5131BF03CF900589BF2 /* SpotifySessionManager.swift in Sources */,
				5BEDA3721B277BBC0000983F /* InfiniteTimelineScrollingViewController.swift in Sources */,
				8EFACDE11AD83A1E00279956 /* CoreDataStack.swift in Sources */,
				5BD0AF0B1B2A05C80018A4C6 /* AlarmPreviewViewController.swift in Sources */,
				5B6C136C1B019D02009617A8 /* NSCalendar+Additions.swift in Sources */,
				1F2CB50D1BF03CF900589BF2 /* SpotifyConstants.swift in Sources */,
				5B22182F1AE60A0700D56D31 /* AlarmOptionDelegateDataSource.swift in Sources */,
				1FDE6C5A1BF1CAA20044A639 /* MusicSupport.swift in Sources */,
				1FF8761B1BF047E00030B6C7 /* SpotifyPlaylistListVC.swift in Sources */,
				5B1997AC1AE5B42700D1522C /* SoundOptionDelegateDataSource.swift in Sources */,
				8EFACDBB1AD837EE00279956 /* Modularm.xcdatamodeld in Sources */,
				5BD0AF0D1B2B5CE70018A4C6 /* UILabel+Additions.swift in Sources */,
				5B6C12661AFF2841009617A8 /* Snooze.swift in Sources */,
				1F851C2D1BF367F400D06383 /* AppDelegateExtension.swift in Sources */,
				5B6C126E1AFFB152009617A8 /* OptionSettingsControllerBase.swift in Sources */,
				5B6C12631AFF2841009617A8 /* Date.swift in Sources */,
				5BEDA3731B277BBC0000983F /* InfiniteTimelineScrollView.swift in Sources */,
				8EFACDB81AD837EE00279956 /* AppDelegate.swift in Sources */,
				8E3B22611AD9E85F001693E2 /* TimelineDataSource.swift in Sources */,
				8E6094F11B08584A007F8D24 /* TimelineHeaderView.swift in Sources */,
				5BEDA3641B27782E0000983F /* String+Additions.swift in Sources */,
				5B6C13D21B026951009617A8 /* UIStoryboard+Additions.swift in Sources */,
				5B4C10AB1B60A812006709B7 /* UIBarButtonItem+Additions.swift in Sources */,
				1F851C2F1BF3686D00D06383 /* AlarmConstants.swift in Sources */,
				F30823D91BBDC2D80030155D /* AlarmManager.swift in Sources */,
				1F2CB5091BF03CF900589BF2 /* PickedAlarmMusic.swift in Sources */,
				5B6C12701AFFB875009617A8 /* AlarmOptionDelegateDataSourceBuilder.swift in Sources */,
				F3C11E3F1BC599F60094CE71 /* SettingsViewController.swift in Sources */,
				8E5BD3271ADB930400C42FAA /* AlarmOptionButton.swift in Sources */,
				5B1997B31AE5B98600D1522C /* RepeatOptionDelegateDataSource.swift in Sources */,
				5B6C142B1B094B78009617A8 /* TimelineCollectionViewCell.swift in Sources */,
				F3E0ADEF1BC6DDAB00643B67 /* KSMHand.m in Sources */,
				F3E0ADEE1BC6DDAB00643B67 /* BEMAnalogClockView.m in Sources */,
				1F3D74B91BF32DDD0087FC23 /* PAlarm.swift in Sources */,
				8E4511F01ADCF00B00A3E8EC /* UIColor+Additions.swift in Sources */,
				1F1511AF1BF1D4AE0010AB1C /* ForecastAPI.swift in Sources */,
				5B1997AA1AE5765800D1522C /* WeatherOptionDelegateDataSource.swift in Sources */,
				5B6C12621AFF2841009617A8 /* Countdown.swift in Sources */,
				5BD375431B0CF854000D380C /* TimelineCellAlarmViewModel.swift in Sources */,
				1F8815BB1BF20ED400B737FD /* GCDUtil.swift in Sources */,
				5B49D74F1B4378E700896878 /* DigitalTimeView.swift in Sources */,
				1FD2297A1BF0F0F9006BFFA5 /* MusicPlayerImpl.swift in Sources */,
				1F2CB50F1BF03CF900589BF2 /* SpotifyMusicPicker.swift in Sources */,
				5B6C12611AFF2841009617A8 /* Alarm.swift in Sources */,
				5B6C12651AFF2841009617A8 /* Repeat.swift in Sources */,
				8E8228E21ADB679A00F9A26E /* UINavigationBar+Additions.swift in Sources */,
				5B6C12681AFF2841009617A8 /* Weather.swift in Sources */,
				1F851C2B1BF367D500D06383 /* NSDateExtension.swift in Sources */,
				5B1997AE1AE5B58000D1522C /* DateOptionDelegateDataSource.swift in Sources */,
				5B1997B71AE5F79C00D1522C /* AlarmMessageSettingsController.swift in Sources */,
				1F1511AD1BF1CF0C0010AB1C /* WeatherSupport.swift in Sources */,
				1F2CB5101BF03CF900589BF2 /* SpotifyMusicPickerVC.swift in Sources */,
				1F2CB5141BF03CF900589BF2 /* SpotifyTokenRefreher.swift in Sources */,
				8E3BDC341AE4176300E1FCDC /* AlarmOption.swift in Sources */,
				1F2CB50E1BF03CF900589BF2 /* SpotifyLoginHelper.swift in Sources */,
				5B6C126A1AFF2860009617A8 /* NSAttributedString+Additions.swift in Sources */,
				5B2218311AE60A2400D56D31 /* UIButton+Additions.swift in Sources */,
				F3C11E441BC5B7040094CE71 /* AppSettingsManager.swift in Sources */,
				5B1997B01AE5B64A00D1522C /* MusicOptionDelegateDataSource.swift in Sources */,
				F3C11E421BC5A51B0094CE71 /* SettingsTableViewDataSource.swift in Sources */,
				5BEDA3751B277BBC0000983F /* TimeSetterViewController.swift in Sources */,
				5B6C142E1B09842C009617A8 /* TapScrollView.swift in Sources */,
				5BDC54951B405F460060DDFA /* AlarmDetailViewController.swift in Sources */,
				8EFACDDD1AD8390F00279956 /* TimelineController.swift in Sources */,
				8E8228E61ADB821C00F9A26E /* AlarmConfigurationController.swift in Sources */,
				5B74FC8C1ADD74A100902484 /* AlarmOptionSettingsController.swift in Sources */,
				8E8228E81ADB8AA900F9A26E /* AlarmOptionsViewController.swift in Sources */,
				F3E0ADE81BC6DD8200643B67 /* AnalogTimeView.swift in Sources */,
				5B6C12641AFF2841009617A8 /* Message.swift in Sources */,
				5B6D9A281B28AE6A00AA662A /* TimeSetterTransitionAnimator.swift in Sources */,
				5BEDA3741B277BBC0000983F /* TimelineView.swift in Sources */,
				F37CF32D1BC856E600938F50 /* TimeDisplayViewController.swift in Sources */,
				1F851C401BF3749700D06383 /* AlarmSoundStore.swift in Sources */,
				8E3BDC361AE4176E00E1FCDC /* UIImage+Additions.swift in Sources */,
				5BD0AF111B2CE7A20018A4C6 /* TimeDisplayProvider.swift in Sources */,
				1F2CB50B1BF03CF900589BF2 /* IPodLibraryMusicPicker.swift in Sources */,
				5BF33BB11B482F1A007A2C86 /* TimeView.swift in Sources */,
				1F3D74BB1BF3338F0087FC23 /* AlarmEngine.swift in Sources */,
			);
			runOnlyForDeploymentPostprocessing = 0;
		};
		8EFACDC61AD837EE00279956 /* Sources */ = {
			isa = PBXSourcesBuildPhase;
			buildActionMask = 2147483647;
			files = (
				8EFACDD11AD837EE00279956 /* ModularmTests.swift in Sources */,
			);
			runOnlyForDeploymentPostprocessing = 0;
		};
/* End PBXSourcesBuildPhase section */

/* Begin PBXTargetDependency section */
		8EFACDCC1AD837EE00279956 /* PBXTargetDependency */ = {
			isa = PBXTargetDependency;
			target = 8EFACDB11AD837EE00279956 /* Modularm */;
			targetProxy = 8EFACDCB1AD837EE00279956 /* PBXContainerItemProxy */;
		};
/* End PBXTargetDependency section */

/* Begin PBXVariantGroup section */
		8EFACDBE1AD837EE00279956 /* Main.storyboard */ = {
			isa = PBXVariantGroup;
			children = (
				8EFACDBF1AD837EE00279956 /* Base */,
			);
			name = Main.storyboard;
			path = Modularm;
			sourceTree = "<group>";
		};
		8EFACDC31AD837EE00279956 /* LaunchScreen.xib */ = {
			isa = PBXVariantGroup;
			children = (
				8EFACDC41AD837EE00279956 /* Base */,
			);
			name = LaunchScreen.xib;
			path = Modularm;
			sourceTree = "<group>";
		};
/* End PBXVariantGroup section */

/* Begin XCBuildConfiguration section */
		8EFACDD21AD837EE00279956 /* Debug */ = {
			isa = XCBuildConfiguration;
			buildSettings = {
				ALWAYS_SEARCH_USER_PATHS = NO;
				CLANG_CXX_LANGUAGE_STANDARD = "gnu++0x";
				CLANG_CXX_LIBRARY = "libc++";
				CLANG_ENABLE_MODULES = YES;
				CLANG_ENABLE_OBJC_ARC = YES;
				CLANG_WARN_BOOL_CONVERSION = YES;
				CLANG_WARN_CONSTANT_CONVERSION = YES;
				CLANG_WARN_DIRECT_OBJC_ISA_USAGE = YES_ERROR;
				CLANG_WARN_EMPTY_BODY = YES;
				CLANG_WARN_ENUM_CONVERSION = YES;
				CLANG_WARN_INT_CONVERSION = YES;
				CLANG_WARN_OBJC_ROOT_CLASS = YES_ERROR;
				CLANG_WARN_UNREACHABLE_CODE = YES;
				CLANG_WARN__DUPLICATE_METHOD_MATCH = YES;
				"CODE_SIGN_IDENTITY[sdk=iphoneos*]" = "iPhone Developer";
				COPY_PHASE_STRIP = NO;
				DEBUG_INFORMATION_FORMAT = "dwarf-with-dsym";
				ENABLE_STRICT_OBJC_MSGSEND = YES;
				ENABLE_TESTABILITY = YES;
				GCC_C_LANGUAGE_STANDARD = gnu99;
				GCC_DYNAMIC_NO_PIC = NO;
				GCC_NO_COMMON_BLOCKS = YES;
				GCC_OPTIMIZATION_LEVEL = 0;
				GCC_PREPROCESSOR_DEFINITIONS = (
					"DEBUG=1",
					"$(inherited)",
				);
				GCC_SYMBOLS_PRIVATE_EXTERN = NO;
				GCC_WARN_64_TO_32_BIT_CONVERSION = YES;
				GCC_WARN_ABOUT_RETURN_TYPE = YES_ERROR;
				GCC_WARN_UNDECLARED_SELECTOR = YES;
				GCC_WARN_UNINITIALIZED_AUTOS = YES_AGGRESSIVE;
				GCC_WARN_UNUSED_FUNCTION = YES;
				GCC_WARN_UNUSED_VARIABLE = YES;
				IPHONEOS_DEPLOYMENT_TARGET = 8.3;
				MTL_ENABLE_DEBUG_INFO = YES;
				ONLY_ACTIVE_ARCH = YES;
				SDKROOT = iphoneos;
				SWIFT_OPTIMIZATION_LEVEL = "-Onone";
				TARGETED_DEVICE_FAMILY = "1,2";
			};
			name = Debug;
		};
		8EFACDD31AD837EE00279956 /* Release */ = {
			isa = XCBuildConfiguration;
			buildSettings = {
				ALWAYS_SEARCH_USER_PATHS = NO;
				CLANG_CXX_LANGUAGE_STANDARD = "gnu++0x";
				CLANG_CXX_LIBRARY = "libc++";
				CLANG_ENABLE_MODULES = YES;
				CLANG_ENABLE_OBJC_ARC = YES;
				CLANG_WARN_BOOL_CONVERSION = YES;
				CLANG_WARN_CONSTANT_CONVERSION = YES;
				CLANG_WARN_DIRECT_OBJC_ISA_USAGE = YES_ERROR;
				CLANG_WARN_EMPTY_BODY = YES;
				CLANG_WARN_ENUM_CONVERSION = YES;
				CLANG_WARN_INT_CONVERSION = YES;
				CLANG_WARN_OBJC_ROOT_CLASS = YES_ERROR;
				CLANG_WARN_UNREACHABLE_CODE = YES;
				CLANG_WARN__DUPLICATE_METHOD_MATCH = YES;
				"CODE_SIGN_IDENTITY[sdk=iphoneos*]" = "iPhone Developer";
				COPY_PHASE_STRIP = NO;
				DEBUG_INFORMATION_FORMAT = "dwarf-with-dsym";
				ENABLE_NS_ASSERTIONS = NO;
				ENABLE_STRICT_OBJC_MSGSEND = YES;
				GCC_C_LANGUAGE_STANDARD = gnu99;
				GCC_NO_COMMON_BLOCKS = YES;
				GCC_WARN_64_TO_32_BIT_CONVERSION = YES;
				GCC_WARN_ABOUT_RETURN_TYPE = YES_ERROR;
				GCC_WARN_UNDECLARED_SELECTOR = YES;
				GCC_WARN_UNINITIALIZED_AUTOS = YES_AGGRESSIVE;
				GCC_WARN_UNUSED_FUNCTION = YES;
				GCC_WARN_UNUSED_VARIABLE = YES;
				IPHONEOS_DEPLOYMENT_TARGET = 8.3;
				MTL_ENABLE_DEBUG_INFO = NO;
				SDKROOT = iphoneos;
				TARGETED_DEVICE_FAMILY = "1,2";
				VALIDATE_PRODUCT = YES;
			};
			name = Release;
		};
		8EFACDD51AD837EE00279956 /* Debug */ = {
			isa = XCBuildConfiguration;
			buildSettings = {
				ASSETCATALOG_COMPILER_APPICON_NAME = AppIcon;
				CLANG_ENABLE_MODULES = YES;
				CODE_SIGN_IDENTITY = "iPhone Developer";
				ENABLE_BITCODE = NO;
				FRAMEWORK_SEARCH_PATHS = (
					"$(inherited)",
					"$(PROJECT_DIR)/ios-sdk",
					"$(PROJECT_DIR)/Carthage/Build/iOS",
				);
				INFOPLIST_FILE = Modularm/Info.plist;
				LD_RUNPATH_SEARCH_PATHS = "$(inherited) @executable_path/Frameworks";
				OTHER_LDFLAGS = "-ObjC";
				PRODUCT_BUNDLE_IDENTIFIER = com.purevirtualstudios.Modularm;
				PRODUCT_NAME = "$(TARGET_NAME)";
				PROVISIONING_PROFILE = "e54cfc22-b48f-42a6-99bf-90d1c080c69d";
				SWIFT_OBJC_BRIDGING_HEADER = "Modularm-Bridging-Header.h";
				SWIFT_OPTIMIZATION_LEVEL = "-Onone";
				TARGETED_DEVICE_FAMILY = 1;
			};
			name = Debug;
		};
		8EFACDD61AD837EE00279956 /* Release */ = {
			isa = XCBuildConfiguration;
			buildSettings = {
				ASSETCATALOG_COMPILER_APPICON_NAME = AppIcon;
				CLANG_ENABLE_MODULES = YES;
				CODE_SIGN_IDENTITY = "iPhone Developer";
				ENABLE_BITCODE = NO;
				FRAMEWORK_SEARCH_PATHS = (
					"$(inherited)",
					"$(PROJECT_DIR)/ios-sdk",
					"$(PROJECT_DIR)/Carthage/Build/iOS",
				);
				INFOPLIST_FILE = Modularm/Info.plist;
				LD_RUNPATH_SEARCH_PATHS = "$(inherited) @executable_path/Frameworks";
				OTHER_LDFLAGS = "-ObjC";
				PRODUCT_BUNDLE_IDENTIFIER = com.purevirtualstudios.Modularm;
				PRODUCT_NAME = "$(TARGET_NAME)";
				PROVISIONING_PROFILE = "e54cfc22-b48f-42a6-99bf-90d1c080c69d";
				SWIFT_OBJC_BRIDGING_HEADER = "Modularm-Bridging-Header.h";
				TARGETED_DEVICE_FAMILY = 1;
			};
			name = Release;
		};
		8EFACDD81AD837EE00279956 /* Debug */ = {
			isa = XCBuildConfiguration;
			buildSettings = {
				BUNDLE_LOADER = "$(TEST_HOST)";
				FRAMEWORK_SEARCH_PATHS = (
					"$(SDKROOT)/Developer/Library/Frameworks",
					"$(inherited)",
				);
				GCC_PREPROCESSOR_DEFINITIONS = (
					"DEBUG=1",
					"$(inherited)",
				);
				INFOPLIST_FILE = ModularmTests/Info.plist;
				LD_RUNPATH_SEARCH_PATHS = "$(inherited) @executable_path/Frameworks @loader_path/Frameworks";
				PRODUCT_BUNDLE_IDENTIFIER = "com.purevirtualstudios.$(PRODUCT_NAME:rfc1034identifier)";
				PRODUCT_NAME = "$(TARGET_NAME)";
				TEST_HOST = "$(BUILT_PRODUCTS_DIR)/Modularm.app/Modularm";
			};
			name = Debug;
		};
		8EFACDD91AD837EE00279956 /* Release */ = {
			isa = XCBuildConfiguration;
			buildSettings = {
				BUNDLE_LOADER = "$(TEST_HOST)";
				FRAMEWORK_SEARCH_PATHS = (
					"$(SDKROOT)/Developer/Library/Frameworks",
					"$(inherited)",
				);
				INFOPLIST_FILE = ModularmTests/Info.plist;
				LD_RUNPATH_SEARCH_PATHS = "$(inherited) @executable_path/Frameworks @loader_path/Frameworks";
				PRODUCT_BUNDLE_IDENTIFIER = "com.purevirtualstudios.$(PRODUCT_NAME:rfc1034identifier)";
				PRODUCT_NAME = "$(TARGET_NAME)";
				TEST_HOST = "$(BUILT_PRODUCTS_DIR)/Modularm.app/Modularm";
			};
			name = Release;
		};
/* End XCBuildConfiguration section */

/* Begin XCConfigurationList section */
		8EFACDAD1AD837EE00279956 /* Build configuration list for PBXProject "Modularm" */ = {
			isa = XCConfigurationList;
			buildConfigurations = (
				8EFACDD21AD837EE00279956 /* Debug */,
				8EFACDD31AD837EE00279956 /* Release */,
			);
			defaultConfigurationIsVisible = 0;
			defaultConfigurationName = Release;
		};
		8EFACDD41AD837EE00279956 /* Build configuration list for PBXNativeTarget "Modularm" */ = {
			isa = XCConfigurationList;
			buildConfigurations = (
				8EFACDD51AD837EE00279956 /* Debug */,
				8EFACDD61AD837EE00279956 /* Release */,
			);
			defaultConfigurationIsVisible = 0;
			defaultConfigurationName = Release;
		};
		8EFACDD71AD837EE00279956 /* Build configuration list for PBXNativeTarget "ModularmTests" */ = {
			isa = XCConfigurationList;
			buildConfigurations = (
				8EFACDD81AD837EE00279956 /* Debug */,
				8EFACDD91AD837EE00279956 /* Release */,
			);
			defaultConfigurationIsVisible = 0;
			defaultConfigurationName = Release;
		};
/* End XCConfigurationList section */

/* Begin XCVersionGroup section */
		8EFACDB91AD837EE00279956 /* Modularm.xcdatamodeld */ = {
			isa = XCVersionGroup;
			children = (
				8EFACDBA1AD837EE00279956 /* Modularm.xcdatamodel */,
			);
			currentVersion = 8EFACDBA1AD837EE00279956 /* Modularm.xcdatamodel */;
			name = Modularm.xcdatamodeld;
			path = Modularm/Modularm.xcdatamodeld;
			sourceTree = "<group>";
			versionGroupType = wrapper.xcdatamodel;
		};
/* End XCVersionGroup section */
	};
	rootObject = 8EFACDAA1AD837EE00279956 /* Project object */;
}
